Microsoft Visual Studio Solution File, Format Version 12.00
# Visual Studio 14
Project("{8BC9CEB8-8B4A-11D0-8D11-00A0C91BC942}") = "TKCDF", "TKCDF.vcxproj", "{AE480EEF-0B60-080A-09D2-DA816364964D}"
EndProject
Project("{8BC9CEB8-8B4A-11D0-8D11-00A0C91BC942}") = "TKLCAF", "TKLCAF.vcxproj", "{C7CC35C2-09FE-0EB4-056D-2451A26B8EDC}"
	ProjectSection(ProjectDependencies) = postProject
		{AE480EEF-0B60-080A-09D2-DA816364964D} = {AE480EEF-0B60-080A-09D2-DA816364964D}
	EndProjectSection
EndProject
Project("{8BC9CEB8-8B4A-11D0-8D11-00A0C91BC942}") = "TKCAF", "TKCAF.vcxproj", "{70441978-1545-11DA-0DFD-242E104C3B48}"
	ProjectSection(ProjectDependencies) = postProject
		{AE480EEF-0B60-080A-09D2-DA816364964D} = {AE480EEF-0B60-080A-09D2-DA816364964D}
		{C7CC35C2-09FE-0EB4-056D-2451A26B8EDC} = {C7CC35C2-09FE-0EB4-056D-2451A26B8EDC}
	EndProjectSection
EndProject
Project("{8BC9CEB8-8B4A-11D0-8D11-00A0C91BC942}") = "TKBinL", "TKBinL.vcxproj", "{C82B00B7-194E-0A50-00DF-380C30A8303F}"
	ProjectSection(ProjectDependencies) = postProject
		{AE480EEF-0B60-080A-09D2-DA816364964D} = {AE480EEF-0B60-080A-09D2-DA816364964D}
		{C7CC35C2-09FE-0EB4-056D-2451A26B8EDC} = {C7CC35C2-09FE-0EB4-056D-2451A26B8EDC}
	EndProjectSection
EndProject
Project("{8BC9CEB8-8B4A-11D0-8D11-00A0C91BC942}") = "TKXmlL", "TKXmlL.vcxproj", "{F7900741-06E9-145A-14BE-2CA16718900E}"
	ProjectSection(ProjectDependencies) = postProject
		{AE480EEF-0B60-080A-09D2-DA816364964D} = {AE480EEF-0B60-080A-09D2-DA816364964D}
		{C7CC35C2-09FE-0EB4-056D-2451A26B8EDC} = {C7CC35C2-09FE-0EB4-056D-2451A26B8EDC}
	EndProjectSection
EndProject
Project("{8BC9CEB8-8B4A-11D0-8D11-00A0C91BC942}") = "TKStdL", "TKStdL.vcxproj", "{99927745-07F1-14CF-1704-07055EF16C2E}"
	ProjectSection(ProjectDependencies) = postProject
		{AE480EEF-0B60-080A-09D2-DA816364964D} = {AE480EEF-0B60-080A-09D2-DA816364964D}
		{C7CC35C2-09FE-0EB4-056D-2451A26B8EDC} = {C7CC35C2-09FE-0EB4-056D-2451A26B8EDC}
	EndProjectSection
EndProject
Project("{8BC9CEB8-8B4A-11D0-8D11-00A0C91BC942}") = "TKTObj", "TKTObj.vcxproj", "{F57658D2-06A6-1442-0482-022C0096B58B}"
	ProjectSection(ProjectDependencies) = postProject
		{AE480EEF-0B60-080A-09D2-DA816364964D} = {AE480EEF-0B60-080A-09D2-DA816364964D}
		{C7CC35C2-09FE-0EB4-056D-2451A26B8EDC} = {C7CC35C2-09FE-0EB4-056D-2451A26B8EDC}
	EndProjectSection
EndProject
Project("{8BC9CEB8-8B4A-11D0-8D11-00A0C91BC942}") = "TKVCAF", "TKVCAF.vcxproj", "{68BA843A-1464-040E-150B-615B81BE7FAE}"
	ProjectSection(ProjectDependencies) = postProject
		{AE480EEF-0B60-080A-09D2-DA816364964D} = {AE480EEF-0B60-080A-09D2-DA816364964D}
		{C7CC35C2-09FE-0EB4-056D-2451A26B8EDC} = {C7CC35C2-09FE-0EB4-056D-2451A26B8EDC}
		{70441978-1545-11DA-0DFD-242E104C3B48} = {70441978-1545-11DA-0DFD-242E104C3B48}
	EndProjectSection
EndProject
Project("{8BC9CEB8-8B4A-11D0-8D11-00A0C91BC942}") = "TKBin", "TKBin.vcxproj", "{B0B0CBE2-0E82-0F39-13F3-A978601DF0B5}"
	ProjectSection(ProjectDependencies) = postProject
		{70441978-1545-11DA-0DFD-242E104C3B48} = {70441978-1545-11DA-0DFD-242E104C3B48}
		{AE480EEF-0B60-080A-09D2-DA816364964D} = {AE480EEF-0B60-080A-09D2-DA816364964D}
		{C7CC35C2-09FE-0EB4-056D-2451A26B8EDC} = {C7CC35C2-09FE-0EB4-056D-2451A26B8EDC}
		{C82B00B7-194E-0A50-00DF-380C30A8303F} = {C82B00B7-194E-0A50-00DF-380C30A8303F}
	EndProjectSection
EndProject
Project("{8BC9CEB8-8B4A-11D0-8D11-00A0C91BC942}") = "TKXml", "TKXml.vcxproj", "{A629CF10-08A9-1879-0BC2-8F9D3499DADA}"
	ProjectSection(ProjectDependencies) = postProject
		{AE480EEF-0B60-080A-09D2-DA816364964D} = {AE480EEF-0B60-080A-09D2-DA816364964D}
		{C7CC35C2-09FE-0EB4-056D-2451A26B8EDC} = {C7CC35C2-09FE-0EB4-056D-2451A26B8EDC}
		{70441978-1545-11DA-0DFD-242E104C3B48} = {70441978-1545-11DA-0DFD-242E104C3B48}
		{F7900741-06E9-145A-14BE-2CA16718900E} = {F7900741-06E9-145A-14BE-2CA16718900E}
	EndProjectSection
EndProject
Project("{8BC9CEB8-8B4A-11D0-8D11-00A0C91BC942}") = "TKStd", "TKStd.vcxproj", "{EF58FDAB-169E-04FA-0918-C46947DBC418}"
	ProjectSection(ProjectDependencies) = postProject
		{AE480EEF-0B60-080A-09D2-DA816364964D} = {AE480EEF-0B60-080A-09D2-DA816364964D}
		{70441978-1545-11DA-0DFD-242E104C3B48} = {70441978-1545-11DA-0DFD-242E104C3B48}
		{C7CC35C2-09FE-0EB4-056D-2451A26B8EDC} = {C7CC35C2-09FE-0EB4-056D-2451A26B8EDC}
		{99927745-07F1-14CF-1704-07055EF16C2E} = {99927745-07F1-14CF-1704-07055EF16C2E}
	EndProjectSection
EndProject
Project("{8BC9CEB8-8B4A-11D0-8D11-00A0C91BC942}") = "TKBinTObj", "TKBinTObj.vcxproj", "{273D8AD3-0BFA-18FB-0CB2-F3C0D9F9F7F9}"
	ProjectSection(ProjectDependencies) = postProject
		{AE480EEF-0B60-080A-09D2-DA816364964D} = {AE480EEF-0B60-080A-09D2-DA816364964D}
		{F57658D2-06A6-1442-0482-022C0096B58B} = {F57658D2-06A6-1442-0482-022C0096B58B}
		{C7CC35C2-09FE-0EB4-056D-2451A26B8EDC} = {C7CC35C2-09FE-0EB4-056D-2451A26B8EDC}
		{C82B00B7-194E-0A50-00DF-380C30A8303F} = {C82B00B7-194E-0A50-00DF-380C30A8303F}
	EndProjectSection
EndProject
Project("{8BC9CEB8-8B4A-11D0-8D11-00A0C91BC942}") = "TKXmlTObj", "TKXmlTObj.vcxproj", "{07018CFF-00B9-06A7-0472-78FB8BCA7E9D}"
	ProjectSection(ProjectDependencies) = postProject
		{AE480EEF-0B60-080A-09D2-DA816364964D} = {AE480EEF-0B60-080A-09D2-DA816364964D}
		{F57658D2-06A6-1442-0482-022C0096B58B} = {F57658D2-06A6-1442-0482-022C0096B58B}
		{C7CC35C2-09FE-0EB4-056D-2451A26B8EDC} = {C7CC35C2-09FE-0EB4-056D-2451A26B8EDC}
		{F7900741-06E9-145A-14BE-2CA16718900E} = {F7900741-06E9-145A-14BE-2CA16718900E}
	EndProjectSection
EndProject
Global
	GlobalSection(SolutionConfigurationPlatforms) = preSolution
		Debug|Win32 = Debug|Win32
		Release|Win32 = Release|Win32
		Debug|x64 = Debug|x64
		Release|x64 = Release|x64
	EndGlobalSection
	GlobalSection(ProjectConfigurationPlatforms) = postSolution
		{AE480EEF-0B60-080A-09D2-DA816364964D}.Debug|Win32.ActiveCfg = Debug|Win32
		{AE480EEF-0B60-080A-09D2-DA816364964D}.Debug|Win32.Build.0 = Debug|Win32
		{AE480EEF-0B60-080A-09D2-DA816364964D}.Release|Win32.ActiveCfg = Release|Win32
		{AE480EEF-0B60-080A-09D2-DA816364964D}.Release|Win32.Build.0 = Release|Win32
		{AE480EEF-0B60-080A-09D2-DA816364964D}.Debug|x64.ActiveCfg = Debug|x64
		{AE480EEF-0B60-080A-09D2-DA816364964D}.Debug|x64.Build.0 = Debug|x64
		{AE480EEF-0B60-080A-09D2-DA816364964D}.Release|x64.ActiveCfg = Release|x64
		{AE480EEF-0B60-080A-09D2-DA816364964D}.Release|x64.Build.0 = Release|x64
		{C7CC35C2-09FE-0EB4-056D-2451A26B8EDC}.Debug|Win32.ActiveCfg = Debug|Win32
		{C7CC35C2-09FE-0EB4-056D-2451A26B8EDC}.Debug|Win32.Build.0 = Debug|Win32
		{C7CC35C2-09FE-0EB4-056D-2451A26B8EDC}.Release|Win32.ActiveCfg = Release|Win32
		{C7CC35C2-09FE-0EB4-056D-2451A26B8EDC}.Release|Win32.Build.0 = Release|Win32
		{C7CC35C2-09FE-0EB4-056D-2451A26B8EDC}.Debug|x64.ActiveCfg = Debug|x64
		{C7CC35C2-09FE-0EB4-056D-2451A26B8EDC}.Debug|x64.Build.0 = Debug|x64
		{C7CC35C2-09FE-0EB4-056D-2451A26B8EDC}.Release|x64.ActiveCfg = Release|x64
		{C7CC35C2-09FE-0EB4-056D-2451A26B8EDC}.Release|x64.Build.0 = Release|x64
		{70441978-1545-11DA-0DFD-242E104C3B48}.Debug|Win32.ActiveCfg = Debug|Win32
		{70441978-1545-11DA-0DFD-242E104C3B48}.Debug|Win32.Build.0 = Debug|Win32
		{70441978-1545-11DA-0DFD-242E104C3B48}.Release|Win32.ActiveCfg = Release|Win32
		{70441978-1545-11DA-0DFD-242E104C3B48}.Release|Win32.Build.0 = Release|Win32
		{70441978-1545-11DA-0DFD-242E104C3B48}.Debug|x64.ActiveCfg = Debug|x64
		{70441978-1545-11DA-0DFD-242E104C3B48}.Debug|x64.Build.0 = Debug|x64
		{70441978-1545-11DA-0DFD-242E104C3B48}.Release|x64.ActiveCfg = Release|x64
		{70441978-1545-11DA-0DFD-242E104C3B48}.Release|x64.Build.0 = Release|x64
		{C82B00B7-194E-0A50-00DF-380C30A8303F}.Debug|Win32.ActiveCfg = Debug|Win32
		{C82B00B7-194E-0A50-00DF-380C30A8303F}.Debug|Win32.Build.0 = Debug|Win32
		{C82B00B7-194E-0A50-00DF-380C30A8303F}.Release|Win32.ActiveCfg = Release|Win32
		{C82B00B7-194E-0A50-00DF-380C30A8303F}.Release|Win32.Build.0 = Release|Win32
		{C82B00B7-194E-0A50-00DF-380C30A8303F}.Debug|x64.ActiveCfg = Debug|x64
		{C82B00B7-194E-0A50-00DF-380C30A8303F}.Debug|x64.Build.0 = Debug|x64
		{C82B00B7-194E-0A50-00DF-380C30A8303F}.Release|x64.ActiveCfg = Release|x64
		{C82B00B7-194E-0A50-00DF-380C30A8303F}.Release|x64.Build.0 = Release|x64
		{F7900741-06E9-145A-14BE-2CA16718900E}.Debug|Win32.ActiveCfg = Debug|Win32
		{F7900741-06E9-145A-14BE-2CA16718900E}.Debug|Win32.Build.0 = Debug|Win32
		{F7900741-06E9-145A-14BE-2CA16718900E}.Release|Win32.ActiveCfg = Release|Win32
		{F7900741-06E9-145A-14BE-2CA16718900E}.Release|Win32.Build.0 = Release|Win32
		{F7900741-06E9-145A-14BE-2CA16718900E}.Debug|x64.ActiveCfg = Debug|x64
		{F7900741-06E9-145A-14BE-2CA16718900E}.Debug|x64.Build.0 = Debug|x64
		{F7900741-06E9-145A-14BE-2CA16718900E}.Release|x64.ActiveCfg = Release|x64
		{F7900741-06E9-145A-14BE-2CA16718900E}.Release|x64.Build.0 = Release|x64
		{99927745-07F1-14CF-1704-07055EF16C2E}.Debug|Win32.ActiveCfg = Debug|Win32
		{99927745-07F1-14CF-1704-07055EF16C2E}.Debug|Win32.Build.0 = Debug|Win32
		{99927745-07F1-14CF-1704-07055EF16C2E}.Release|Win32.ActiveCfg = Release|Win32
		{99927745-07F1-14CF-1704-07055EF16C2E}.Release|Win32.Build.0 = Release|Win32
		{99927745-07F1-14CF-1704-07055EF16C2E}.Debug|x64.ActiveCfg = Debug|x64
		{99927745-07F1-14CF-1704-07055EF16C2E}.Debug|x64.Build.0 = Debug|x64
		{99927745-07F1-14CF-1704-07055EF16C2E}.Release|x64.ActiveCfg = Release|x64
		{99927745-07F1-14CF-1704-07055EF16C2E}.Release|x64.Build.0 = Release|x64
		{F57658D2-06A6-1442-0482-022C0096B58B}.Debug|Win32.ActiveCfg = Debug|Win32
		{F57658D2-06A6-1442-0482-022C0096B58B}.Debug|Win32.Build.0 = Debug|Win32
		{F57658D2-06A6-1442-0482-022C0096B58B}.Release|Win32.ActiveCfg = Release|Win32
		{F57658D2-06A6-1442-0482-022C0096B58B}.Release|Win32.Build.0 = Release|Win32
		{F57658D2-06A6-1442-0482-022C0096B58B}.Debug|x64.ActiveCfg = Debug|x64
		{F57658D2-06A6-1442-0482-022C0096B58B}.Debug|x64.Build.0 = Debug|x64
		{F57658D2-06A6-1442-0482-022C0096B58B}.Release|x64.ActiveCfg = Release|x64
		{F57658D2-06A6-1442-0482-022C0096B58B}.Release|x64.Build.0 = Release|x64
		{68BA843A-1464-040E-150B-615B81BE7FAE}.Debug|Win32.ActiveCfg = Debug|Win32
		{68BA843A-1464-040E-150B-615B81BE7FAE}.Debug|Win32.Build.0 = Debug|Win32
		{68BA843A-1464-040E-150B-615B81BE7FAE}.Release|Win32.ActiveCfg = Release|Win32
		{68BA843A-1464-040E-150B-615B81BE7FAE}.Release|Win32.Build.0 = Release|Win32
		{68BA843A-1464-040E-150B-615B81BE7FAE}.Debug|x64.ActiveCfg = Debug|x64
		{68BA843A-1464-040E-150B-615B81BE7FAE}.Debug|x64.Build.0 = Debug|x64
		{68BA843A-1464-040E-150B-615B81BE7FAE}.Release|x64.ActiveCfg = Release|x64
		{68BA843A-1464-040E-150B-615B81BE7FAE}.Release|x64.Build.0 = Release|x64
		{B0B0CBE2-0E82-0F39-13F3-A978601DF0B5}.Debug|Win32.ActiveCfg = Debug|Win32
		{B0B0CBE2-0E82-0F39-13F3-A978601DF0B5}.Debug|Win32.Build.0 = Debug|Win32
		{B0B0CBE2-0E82-0F39-13F3-A978601DF0B5}.Release|Win32.ActiveCfg = Release|Win32
		{B0B0CBE2-0E82-0F39-13F3-A978601DF0B5}.Release|Win32.Build.0 = Release|Win32
		{B0B0CBE2-0E82-0F39-13F3-A978601DF0B5}.Debug|x64.ActiveCfg = Debug|x64
		{B0B0CBE2-0E82-0F39-13F3-A978601DF0B5}.Debug|x64.Build.0 = Debug|x64
		{B0B0CBE2-0E82-0F39-13F3-A978601DF0B5}.Release|x64.ActiveCfg = Release|x64
		{B0B0CBE2-0E82-0F39-13F3-A978601DF0B5}.Release|x64.Build.0 = Release|x64
		{A629CF10-08A9-1879-0BC2-8F9D3499DADA}.Debug|Win32.ActiveCfg = Debug|Win32
		{A629CF10-08A9-1879-0BC2-8F9D3499DADA}.Debug|Win32.Build.0 = Debug|Win32
		{A629CF10-08A9-1879-0BC2-8F9D3499DADA}.Release|Win32.ActiveCfg = Release|Win32
		{A629CF10-08A9-1879-0BC2-8F9D3499DADA}.Release|Win32.Build.0 = Release|Win32
		{A629CF10-08A9-1879-0BC2-8F9D3499DADA}.Debug|x64.ActiveCfg = Debug|x64
		{A629CF10-08A9-1879-0BC2-8F9D3499DADA}.Debug|x64.Build.0 = Debug|x64
		{A629CF10-08A9-1879-0BC2-8F9D3499DADA}.Release|x64.ActiveCfg = Release|x64
		{A629CF10-08A9-1879-0BC2-8F9D3499DADA}.Release|x64.Build.0 = Release|x64
		{EF58FDAB-169E-04FA-0918-C46947DBC418}.Debug|Win32.ActiveCfg = Debug|Win32
		{EF58FDAB-169E-04FA-0918-C46947DBC418}.Debug|Win32.Build.0 = Debug|Win32
		{EF58FDAB-169E-04FA-0918-C46947DBC418}.Release|Win32.ActiveCfg = Release|Win32
		{EF58FDAB-169E-04FA-0918-C46947DBC418}.Release|Win32.Build.0 = Release|Win32
		{EF58FDAB-169E-04FA-0918-C46947DBC418}.Debug|x64.ActiveCfg = Debug|x64
		{EF58FDAB-169E-04FA-0918-C46947DBC418}.Debug|x64.Build.0 = Debug|x64
		{EF58FDAB-169E-04FA-0918-C46947DBC418}.Release|x64.ActiveCfg = Release|x64
		{EF58FDAB-169E-04FA-0918-C46947DBC418}.Release|x64.Build.0 = Release|x64
		{273D8AD3-0BFA-18FB-0CB2-F3C0D9F9F7F9}.Debug|Win32.ActiveCfg = Debug|Win32
		{273D8AD3-0BFA-18FB-0CB2-F3C0D9F9F7F9}.Debug|Win32.Build.0 = Debug|Win32
		{273D8AD3-0BFA-18FB-0CB2-F3C0D9F9F7F9}.Release|Win32.ActiveCfg = Release|Win32
		{273D8AD3-0BFA-18FB-0CB2-F3C0D9F9F7F9}.Release|Win32.Build.0 = Release|Win32
		{273D8AD3-0BFA-18FB-0CB2-F3C0D9F9F7F9}.Debug|x64.ActiveCfg = Debug|x64
		{273D8AD3-0BFA-18FB-0CB2-F3C0D9F9F7F9}.Debug|x64.Build.0 = Debug|x64
		{273D8AD3-0BFA-18FB-0CB2-F3C0D9F9F7F9}.Release|x64.ActiveCfg = Release|x64
		{273D8AD3-0BFA-18FB-0CB2-F3C0D9F9F7F9}.Release|x64.Build.0 = Release|x64
		{07018CFF-00B9-06A7-0472-78FB8BCA7E9D}.Debug|Win32.ActiveCfg = Debug|Win32
		{07018CFF-00B9-06A7-0472-78FB8BCA7E9D}.Debug|Win32.Build.0 = Debug|Win32
		{07018CFF-00B9-06A7-0472-78FB8BCA7E9D}.Release|Win32.ActiveCfg = Release|Win32
		{07018CFF-00B9-06A7-0472-78FB8BCA7E9D}.Release|Win32.Build.0 = Release|Win32
		{07018CFF-00B9-06A7-0472-78FB8BCA7E9D}.Debug|x64.ActiveCfg = Debug|x64
		{07018CFF-00B9-06A7-0472-78FB8BCA7E9D}.Debug|x64.Build.0 = Debug|x64
		{07018CFF-00B9-06A7-0472-78FB8BCA7E9D}.Release|x64.ActiveCfg = Release|x64
		{07018CFF-00B9-06A7-0472-78FB8BCA7E9D}.Release|x64.Build.0 = Release|x64
	EndGlobalSection
	GlobalSection(SolutionProperties) = preSolution
		HideSolutionNode = FALSE
	EndGlobalSection
EndGlobal
