<?xml version="1.0" encoding="utf-8"?>
<Project ToolsVersion="4.0" xmlns="http://schemas.microsoft.com/developer/msbuild/2003">
  <ItemGroup>
    <Filter Include="Source files">
      <UniqueIdentifier>{9B0F7161-0F14-1522-06D9-5EA67F04EB6C}</UniqueIdentifier>
    </Filter>
    <Filter Include="Header files">
      <UniqueIdentifier>{FC2C995D-0168-0E9A-0907-1FAE8CFC9894}</UniqueIdentifier>
    </Filter>
    <Filter Include="Source files\StdDrivers">
      <UniqueIdentifier>{852F013D-0FBE-12E1-157C-9E6A5A583C0D}</UniqueIdentifier>
    </Filter>
    <Filter Include="Source files\StdObject">
      <UniqueIdentifier>{CEB213C0-14A8-0258-0040-89320833CE5F}</UniqueIdentifier>
    </Filter>
    <Filter Include="Source files\StdPersistent">
      <UniqueIdentifier>{31C4B7E6-181A-0C3A-1917-E40EF090BC5A}</UniqueIdentifier>
    </Filter>
    <Filter Include="Source files\StdStorage">
      <UniqueIdentifier>{3DF378F3-037F-1339-0A4F-A9961EBE9A45}</UniqueIdentifier>
    </Filter>
    <Filter Include="Source files\ShapePersistent">
      <UniqueIdentifier>{8249BB9B-0586-0B42-07B9-4A7EF5D53A43}</UniqueIdentifier>
    </Filter>
    <Filter Include="Header files\StdDrivers">
      <UniqueIdentifier>{E4313E95-0A10-1740-0058-C7DD809F167E}</UniqueIdentifier>
    </Filter>
    <Filter Include="Header files\StdObject">
      <UniqueIdentifier>{7DCCE101-034C-0683-003A-334A6559430B}</UniqueIdentifier>
    </Filter>
    <Filter Include="Header files\StdPersistent">
      <UniqueIdentifier>{40A206A4-0338-0EA9-0659-8C12EB2E2054}</UniqueIdentifier>
    </Filter>
    <Filter Include="Header files\StdStorage">
      <UniqueIdentifier>{4C8CBDCA-1647-151E-1635-066BF99AE80C}</UniqueIdentifier>
    </Filter>
    <Filter Include="Header files\ShapePersistent">
      <UniqueIdentifier>{F870C13B-0144-04A0-1860-01E7D01A1FC5}</UniqueIdentifier>
    </Filter>
  </ItemGroup>
  <ItemGroup>
    <ClCompile Include="..\..\..\src\StdDrivers\StdDrivers.cxx">
      <Filter>Source files\StdDrivers</Filter>
    </ClCompile>
    <ClCompile Include="..\..\..\src\StdDrivers\StdDrivers_DocumentRetrievalDriver.cxx">
      <Filter>Source files\StdDrivers</Filter>
    </ClCompile>
    <ClCompile Include="..\..\..\src\StdObject\StdObject_Location.cxx">
      <Filter>Source files\StdObject</Filter>
    </ClCompile>
    <ClCompile Include="..\..\..\src\StdObject\StdObject_Shape.cxx">
      <Filter>Source files\StdObject</Filter>
    </ClCompile>
    <ClCompile Include="..\..\..\src\StdPersistent\StdPersistent.cxx">
      <Filter>Source files\StdPersistent</Filter>
    </ClCompile>
    <ClCompile Include="..\..\..\src\StdPersistent\StdPersistent_DataXtd.cxx">
      <Filter>Source files\StdPersistent</Filter>
    </ClCompile>
    <ClCompile Include="..\..\..\src\StdPersistent\StdPersistent_DataXtd_Constraint.cxx">
      <Filter>Source files\StdPersistent</Filter>
    </ClCompile>
    <ClCompile Include="..\..\..\src\StdPersistent\StdPersistent_DataXtd_PatternStd.cxx">
      <Filter>Source files\StdPersistent</Filter>
    </ClCompile>
    <ClCompile Include="..\..\..\src\StdPersistent\StdPersistent_Naming.cxx">
      <Filter>Source files\StdPersistent</Filter>
    </ClCompile>
    <ClCompile Include="..\..\..\src\StdPersistent\StdPersistent_PPrsStd.cxx">
      <Filter>Source files\StdPersistent</Filter>
    </ClCompile>
    <ClCompile Include="..\..\..\src\StdPersistent\StdPersistent_TopLoc.cxx">
      <Filter>Source files\StdPersistent</Filter>
    </ClCompile>
    <ClCompile Include="..\..\..\src\StdStorage\StdStorage.cxx">
      <Filter>Source files\StdStorage</Filter>
    </ClCompile>
    <ClCompile Include="..\..\..\src\StdStorage\StdStorage_BacketOfPersistent.cxx">
      <Filter>Source files\StdStorage</Filter>
    </ClCompile>
    <ClCompile Include="..\..\..\src\StdStorage\StdStorage_Data.cxx">
      <Filter>Source files\StdStorage</Filter>
    </ClCompile>
    <ClCompile Include="..\..\..\src\StdStorage\StdStorage_HeaderData.cxx">
      <Filter>Source files\StdStorage</Filter>
    </ClCompile>
    <ClCompile Include="..\..\..\src\StdStorage\StdStorage_Root.cxx">
      <Filter>Source files\StdStorage</Filter>
    </ClCompile>
    <ClCompile Include="..\..\..\src\StdStorage\StdStorage_RootData.cxx">
      <Filter>Source files\StdStorage</Filter>
    </ClCompile>
    <ClCompile Include="..\..\..\src\StdStorage\StdStorage_TypeData.cxx">
      <Filter>Source files\StdStorage</Filter>
    </ClCompile>
    <ClCompile Include="..\..\..\src\ShapePersistent\ShapePersistent.cxx">
      <Filter>Source files\ShapePersistent</Filter>
    </ClCompile>
    <ClCompile Include="..\..\..\src\ShapePersistent\ShapePersistent_BRep.cxx">
      <Filter>Source files\ShapePersistent</Filter>
    </ClCompile>
    <ClCompile Include="..\..\..\src\ShapePersistent\ShapePersistent_Geom.cxx">
      <Filter>Source files\ShapePersistent</Filter>
    </ClCompile>
    <ClCompile Include="..\..\..\src\ShapePersistent\ShapePersistent_Geom2d.cxx">
      <Filter>Source files\ShapePersistent</Filter>
    </ClCompile>
    <ClCompile Include="..\..\..\src\ShapePersistent\ShapePersistent_Geom2d_Curve.cxx">
      <Filter>Source files\ShapePersistent</Filter>
    </ClCompile>
    <ClCompile Include="..\..\..\src\ShapePersistent\ShapePersistent_Geom_Curve.cxx">
      <Filter>Source files\ShapePersistent</Filter>
    </ClCompile>
    <ClCompile Include="..\..\..\src\ShapePersistent\ShapePersistent_Geom_Surface.cxx">
      <Filter>Source files\ShapePersistent</Filter>
    </ClCompile>
    <ClCompile Include="..\..\..\src\ShapePersistent\ShapePersistent_HSequence.cxx">
      <Filter>Source files\ShapePersistent</Filter>
    </ClCompile>
    <ClCompile Include="..\..\..\src\ShapePersistent\ShapePersistent_Poly.cxx">
      <Filter>Source files\ShapePersistent</Filter>
    </ClCompile>
    <ClCompile Include="..\..\..\src\ShapePersistent\ShapePersistent_TopoDS.cxx">
      <Filter>Source files\ShapePersistent</Filter>
    </ClCompile>
  </ItemGroup>
  <ItemGroup>
    <ClInclude Include="..\..\..\src\StdDrivers\StdDrivers.hxx">
      <Filter>Header files\StdDrivers</Filter>
    </ClInclude>
    <ClInclude Include="..\..\..\src\StdDrivers\StdDrivers_DocumentRetrievalDriver.hxx">
      <Filter>Header files\StdDrivers</Filter>
    </ClInclude>
    <ClInclude Include="..\..\..\src\StdObject\StdObject_Location.hxx">
      <Filter>Header files\StdObject</Filter>
    </ClInclude>
    <ClInclude Include="..\..\..\src\StdObject\StdObject_Shape.hxx">
      <Filter>Header files\StdObject</Filter>
    </ClInclude>
    <ClInclude Include="..\..\..\src\StdObject\StdObject_gp_Axes.hxx">
      <Filter>Header files\StdObject</Filter>
    </ClInclude>
    <ClInclude Include="..\..\..\src\StdObject\StdObject_gp_Curves.hxx">
      <Filter>Header files\StdObject</Filter>
    </ClInclude>
    <ClInclude Include="..\..\..\src\StdObject\StdObject_gp_Surfaces.hxx">
      <Filter>Header files\StdObject</Filter>
    </ClInclude>
    <ClInclude Include="..\..\..\src\StdObject\StdObject_gp_Trsfs.hxx">
      <Filter>Header files\StdObject</Filter>
    </ClInclude>
    <ClInclude Include="..\..\..\src\StdObject\StdObject_gp_Vectors.hxx">
      <Filter>Header files\StdObject</Filter>
    </ClInclude>
    <ClInclude Include="..\..\..\src\StdPersistent\StdPersistent.hxx">
      <Filter>Header files\StdPersistent</Filter>
    </ClInclude>
    <ClInclude Include="..\..\..\src\StdPersistent\StdPersistent_DataXtd.hxx">
      <Filter>Header files\StdPersistent</Filter>
    </ClInclude>
    <ClInclude Include="..\..\..\src\StdPersistent\StdPersistent_DataXtd_Constraint.hxx">
      <Filter>Header files\StdPersistent</Filter>
    </ClInclude>
    <ClInclude Include="..\..\..\src\StdPersistent\StdPersistent_DataXtd_PatternStd.hxx">
      <Filter>Header files\StdPersistent</Filter>
    </ClInclude>
    <ClInclude Include="..\..\..\src\StdPersistent\StdPersistent_HArray1.hxx">
      <Filter>Header files\StdPersistent</Filter>
    </ClInclude>
    <ClInclude Include="..\..\..\src\StdPersistent\StdPersistent_Naming.hxx">
      <Filter>Header files\StdPersistent</Filter>
    </ClInclude>
    <ClInclude Include="..\..\..\src\StdPersistent\StdPersistent_PPrsStd.hxx">
      <Filter>Header files\StdPersistent</Filter>
    </ClInclude>
    <ClInclude Include="..\..\..\src\StdPersistent\StdPersistent_TopLoc.hxx">
      <Filter>Header files\StdPersistent</Filter>
    </ClInclude>
    <ClInclude Include="..\..\..\src\StdPersistent\StdPersistent_TopoDS.hxx">
      <Filter>Header files\StdPersistent</Filter>
    </ClInclude>
    <ClInclude Include="..\..\..\src\StdStorage\StdStorage.hxx">
      <Filter>Header files\StdStorage</Filter>
    </ClInclude>
    <ClInclude Include="..\..\..\src\StdStorage\StdStorage_BacketOfPersistent.hxx">
      <Filter>Header files\StdStorage</Filter>
    </ClInclude>
    <ClInclude Include="..\..\..\src\StdStorage\StdStorage_Data.hxx">
      <Filter>Header files\StdStorage</Filter>
    </ClInclude>
    <ClInclude Include="..\..\..\src\StdStorage\StdStorage_HSequenceOfRoots.hxx">
      <Filter>Header files\StdStorage</Filter>
    </ClInclude>
    <ClInclude Include="..\..\..\src\StdStorage\StdStorage_HeaderData.hxx">
      <Filter>Header files\StdStorage</Filter>
    </ClInclude>
    <ClInclude Include="..\..\..\src\StdStorage\StdStorage_MapOfRoots.hxx">
      <Filter>Header files\StdStorage</Filter>
    </ClInclude>
    <ClInclude Include="..\..\..\src\StdStorage\StdStorage_MapOfTypes.hxx">
      <Filter>Header files\StdStorage</Filter>
    </ClInclude>
    <ClInclude Include="..\..\..\src\StdStorage\StdStorage_Root.hxx">
      <Filter>Header files\StdStorage</Filter>
    </ClInclude>
    <ClInclude Include="..\..\..\src\StdStorage\StdStorage_RootData.hxx">
      <Filter>Header files\StdStorage</Filter>
    </ClInclude>
    <ClInclude Include="..\..\..\src\StdStorage\StdStorage_SequenceOfRoots.hxx">
      <Filter>Header files\StdStorage</Filter>
    </ClInclude>
    <ClInclude Include="..\..\..\src\StdStorage\StdStorage_TypeData.hxx">
      <Filter>Header files\StdStorage</Filter>
    </ClInclude>
    <ClInclude Include="..\..\..\src\ShapePersistent\ShapePersistent.hxx">
      <Filter>Header files\ShapePersistent</Filter>
    </ClInclude>
    <ClInclude Include="..\..\..\src\ShapePersistent\ShapePersistent_BRep.hxx">
      <Filter>Header files\ShapePersistent</Filter>
    </ClInclude>
    <ClInclude Include="..\..\..\src\ShapePersistent\ShapePersistent_Geom.hxx">
      <Filter>Header files\ShapePersistent</Filter>
    </ClInclude>
    <ClInclude Include="..\..\..\src\ShapePersistent\ShapePersistent_Geom2d.hxx">
      <Filter>Header files\ShapePersistent</Filter>
    </ClInclude>
    <ClInclude Include="..\..\..\src\ShapePersistent\ShapePersistent_Geom2d_Curve.hxx">
      <Filter>Header files\ShapePersistent</Filter>
    </ClInclude>
    <ClInclude Include="..\..\..\src\ShapePersistent\ShapePersistent_Geom_Curve.hxx">
      <Filter>Header files\ShapePersistent</Filter>
    </ClInclude>
    <ClInclude Include="..\..\..\src\ShapePersistent\ShapePersistent_Geom_Surface.hxx">
      <Filter>Header files\ShapePersistent</Filter>
    </ClInclude>
    <ClInclude Include="..\..\..\src\ShapePersistent\ShapePersistent_HArray1.hxx">
      <Filter>Header files\ShapePersistent</Filter>
    </ClInclude>
    <ClInclude Include="..\..\..\src\ShapePersistent\ShapePersistent_HArray2.hxx">
      <Filter>Header files\ShapePersistent</Filter>
    </ClInclude>
    <ClInclude Include="..\..\..\src\ShapePersistent\ShapePersistent_HSequence.hxx">
      <Filter>Header files\ShapePersistent</Filter>
    </ClInclude>
    <ClInclude Include="..\..\..\src\ShapePersistent\ShapePersistent_Poly.hxx">
      <Filter>Header files\ShapePersistent</Filter>
    </ClInclude>
    <ClInclude Include="..\..\..\src\ShapePersistent\ShapePersistent_TopoDS.hxx">
      <Filter>Header files\ShapePersistent</Filter>
    </ClInclude>
    <ClInclude Include="..\..\..\src\ShapePersistent\ShapePersistent_TriangleMode.hxx">
      <Filter>Header files\ShapePersistent</Filter>
    </ClInclude>
  </ItemGroup>
  <ItemGroup>
    <ResourceCompile Include="TKStd.rc" />
  </ItemGroup>
</Project>
