Microsoft Visual Studio Solution File, Format Version 12.00
# Visual Studio 14
Project("{8BC9CEB8-8B4A-11D0-8D11-00A0C91BC942}") = "TKCDF", "TKCDF.vcxproj", "{1B0BA689-079A-15CF-1335-FCD8BEF9CF13}"
EndProject
Project("{8BC9CEB8-8B4A-11D0-8D11-00A0C91BC942}") = "TKLCAF", "TKLCAF.vcxproj", "{89F53474-0886-0ECC-150E-69F08A2F0D5E}"
	ProjectSection(ProjectDependencies) = postProject
		{1B0BA689-079A-15CF-1335-FCD8BEF9CF13} = {1B0BA689-079A-15CF-1335-FCD8BEF9CF13}
	EndProjectSection
EndProject
Project("{8BC9CEB8-8B4A-11D0-8D11-00A0C91BC942}") = "TKCAF", "TKCAF.vcxproj", "{16A7DA76-16B8-0C64-10AE-D49CFE8F1BEC}"
	ProjectSection(ProjectDependencies) = postProject
		{1B0BA689-079A-15CF-1335-FCD8BEF9CF13} = {1B0BA689-079A-15CF-1335-FCD8BEF9CF13}
		{89F53474-0886-0ECC-150E-69F08A2F0D5E} = {89F53474-0886-0ECC-150E-69F08A2F0D5E}
	EndProjectSection
EndProject
Project("{8BC9CEB8-8B4A-11D0-8D11-00A0C91BC942}") = "TKBinL", "TKBinL.vcxproj", "{72591863-0D91-0193-0116-39BD9DCFC1D3}"
	ProjectSection(ProjectDependencies) = postProject
		{1B0BA689-079A-15CF-1335-FCD8BEF9CF13} = {1B0BA689-079A-15CF-1335-FCD8BEF9CF13}
		{89F53474-0886-0ECC-150E-69F08A2F0D5E} = {89F53474-0886-0ECC-150E-69F08A2F0D5E}
	EndProjectSection
EndProject
Project("{8BC9CEB8-8B4A-11D0-8D11-00A0C91BC942}") = "TKXmlL", "TKXmlL.vcxproj", "{BE093094-0884-07FD-052B-AD21756FC94C}"
	ProjectSection(ProjectDependencies) = postProject
		{1B0BA689-079A-15CF-1335-FCD8BEF9CF13} = {1B0BA689-079A-15CF-1335-FCD8BEF9CF13}
		{89F53474-0886-0ECC-150E-69F08A2F0D5E} = {89F53474-0886-0ECC-150E-69F08A2F0D5E}
	EndProjectSection
EndProject
Project("{8BC9CEB8-8B4A-11D0-8D11-00A0C91BC942}") = "TKStdL", "TKStdL.vcxproj", "{08A91CA9-144E-1254-05D3-E1BE6A9C4D32}"
	ProjectSection(ProjectDependencies) = postProject
		{1B0BA689-079A-15CF-1335-FCD8BEF9CF13} = {1B0BA689-079A-15CF-1335-FCD8BEF9CF13}
		{89F53474-0886-0ECC-150E-69F08A2F0D5E} = {89F53474-0886-0ECC-150E-69F08A2F0D5E}
	EndProjectSection
EndProject
Project("{8BC9CEB8-8B4A-11D0-8D11-00A0C91BC942}") = "TKTObj", "TKTObj.vcxproj", "{903A8DAF-0793-1452-1472-33C505CBFFAE}"
	ProjectSection(ProjectDependencies) = postProject
		{1B0BA689-079A-15CF-1335-FCD8BEF9CF13} = {1B0BA689-079A-15CF-1335-FCD8BEF9CF13}
		{89F53474-0886-0ECC-150E-69F08A2F0D5E} = {89F53474-0886-0ECC-150E-69F08A2F0D5E}
	EndProjectSection
EndProject
Project("{8BC9CEB8-8B4A-11D0-8D11-00A0C91BC942}") = "TKVCAF", "TKVCAF.vcxproj", "{FF21F300-038C-0DA5-123F-DEDF872550EE}"
	ProjectSection(ProjectDependencies) = postProject
		{1B0BA689-079A-15CF-1335-FCD8BEF9CF13} = {1B0BA689-079A-15CF-1335-FCD8BEF9CF13}
		{89F53474-0886-0ECC-150E-69F08A2F0D5E} = {89F53474-0886-0ECC-150E-69F08A2F0D5E}
		{16A7DA76-16B8-0C64-10AE-D49CFE8F1BEC} = {16A7DA76-16B8-0C64-10AE-D49CFE8F1BEC}
	EndProjectSection
EndProject
Project("{8BC9CEB8-8B4A-11D0-8D11-00A0C91BC942}") = "TKBin", "TKBin.vcxproj", "{E46FB366-08C1-1649-172A-E3BED104A884}"
	ProjectSection(ProjectDependencies) = postProject
		{16A7DA76-16B8-0C64-10AE-D49CFE8F1BEC} = {16A7DA76-16B8-0C64-10AE-D49CFE8F1BEC}
		{1B0BA689-079A-15CF-1335-FCD8BEF9CF13} = {1B0BA689-079A-15CF-1335-FCD8BEF9CF13}
		{89F53474-0886-0ECC-150E-69F08A2F0D5E} = {89F53474-0886-0ECC-150E-69F08A2F0D5E}
		{72591863-0D91-0193-0116-39BD9DCFC1D3} = {72591863-0D91-0193-0116-39BD9DCFC1D3}
	EndProjectSection
EndProject
Project("{8BC9CEB8-8B4A-11D0-8D11-00A0C91BC942}") = "TKXml", "TKXml.vcxproj", "{D3AB908A-045D-0969-13BD-C313AB407C77}"
	ProjectSection(ProjectDependencies) = postProject
		{1B0BA689-079A-15CF-1335-FCD8BEF9CF13} = {1B0BA689-079A-15CF-1335-FCD8BEF9CF13}
		{89F53474-0886-0ECC-150E-69F08A2F0D5E} = {89F53474-0886-0ECC-150E-69F08A2F0D5E}
		{16A7DA76-16B8-0C64-10AE-D49CFE8F1BEC} = {16A7DA76-16B8-0C64-10AE-D49CFE8F1BEC}
		{BE093094-0884-07FD-052B-AD21756FC94C} = {BE093094-0884-07FD-052B-AD21756FC94C}
	EndProjectSection
EndProject
Project("{8BC9CEB8-8B4A-11D0-8D11-00A0C91BC942}") = "TKStd", "TKStd.vcxproj", "{AB694568-07A4-0330-0430-6EBF5BD51A28}"
	ProjectSection(ProjectDependencies) = postProject
		{1B0BA689-079A-15CF-1335-FCD8BEF9CF13} = {1B0BA689-079A-15CF-1335-FCD8BEF9CF13}
		{16A7DA76-16B8-0C64-10AE-D49CFE8F1BEC} = {16A7DA76-16B8-0C64-10AE-D49CFE8F1BEC}
		{89F53474-0886-0ECC-150E-69F08A2F0D5E} = {89F53474-0886-0ECC-150E-69F08A2F0D5E}
		{08A91CA9-144E-1254-05D3-E1BE6A9C4D32} = {08A91CA9-144E-1254-05D3-E1BE6A9C4D32}
	EndProjectSection
EndProject
Project("{8BC9CEB8-8B4A-11D0-8D11-00A0C91BC942}") = "TKBinTObj", "TKBinTObj.vcxproj", "{A83E29A8-1308-16E2-164E-49BF2FA6C281}"
	ProjectSection(ProjectDependencies) = postProject
		{1B0BA689-079A-15CF-1335-FCD8BEF9CF13} = {1B0BA689-079A-15CF-1335-FCD8BEF9CF13}
		{903A8DAF-0793-1452-1472-33C505CBFFAE} = {903A8DAF-0793-1452-1472-33C505CBFFAE}
		{89F53474-0886-0ECC-150E-69F08A2F0D5E} = {89F53474-0886-0ECC-150E-69F08A2F0D5E}
		{72591863-0D91-0193-0116-39BD9DCFC1D3} = {72591863-0D91-0193-0116-39BD9DCFC1D3}
	EndProjectSection
EndProject
Project("{8BC9CEB8-8B4A-11D0-8D11-00A0C91BC942}") = "TKXmlTObj", "TKXmlTObj.vcxproj", "{2BB57039-04DD-00E4-0A6A-BE3215CA0842}"
	ProjectSection(ProjectDependencies) = postProject
		{1B0BA689-079A-15CF-1335-FCD8BEF9CF13} = {1B0BA689-079A-15CF-1335-FCD8BEF9CF13}
		{903A8DAF-0793-1452-1472-33C505CBFFAE} = {903A8DAF-0793-1452-1472-33C505CBFFAE}
		{89F53474-0886-0ECC-150E-69F08A2F0D5E} = {89F53474-0886-0ECC-150E-69F08A2F0D5E}
		{BE093094-0884-07FD-052B-AD21756FC94C} = {BE093094-0884-07FD-052B-AD21756FC94C}
	EndProjectSection
EndProject
Global
	GlobalSection(SolutionConfigurationPlatforms) = preSolution
		Debug|Win32 = Debug|Win32
		Release|Win32 = Release|Win32
		Debug|x64 = Debug|x64
		Release|x64 = Release|x64
	EndGlobalSection
	GlobalSection(ProjectConfigurationPlatforms) = postSolution
		{1B0BA689-079A-15CF-1335-FCD8BEF9CF13}.Debug|Win32.ActiveCfg = Debug|Win32
		{1B0BA689-079A-15CF-1335-FCD8BEF9CF13}.Debug|Win32.Build.0 = Debug|Win32
		{1B0BA689-079A-15CF-1335-FCD8BEF9CF13}.Release|Win32.ActiveCfg = Release|Win32
		{1B0BA689-079A-15CF-1335-FCD8BEF9CF13}.Release|Win32.Build.0 = Release|Win32
		{1B0BA689-079A-15CF-1335-FCD8BEF9CF13}.Debug|x64.ActiveCfg = Debug|x64
		{1B0BA689-079A-15CF-1335-FCD8BEF9CF13}.Debug|x64.Build.0 = Debug|x64
		{1B0BA689-079A-15CF-1335-FCD8BEF9CF13}.Release|x64.ActiveCfg = Release|x64
		{1B0BA689-079A-15CF-1335-FCD8BEF9CF13}.Release|x64.Build.0 = Release|x64
		{89F53474-0886-0ECC-150E-69F08A2F0D5E}.Debug|Win32.ActiveCfg = Debug|Win32
		{89F53474-0886-0ECC-150E-69F08A2F0D5E}.Debug|Win32.Build.0 = Debug|Win32
		{89F53474-0886-0ECC-150E-69F08A2F0D5E}.Release|Win32.ActiveCfg = Release|Win32
		{89F53474-0886-0ECC-150E-69F08A2F0D5E}.Release|Win32.Build.0 = Release|Win32
		{89F53474-0886-0ECC-150E-69F08A2F0D5E}.Debug|x64.ActiveCfg = Debug|x64
		{89F53474-0886-0ECC-150E-69F08A2F0D5E}.Debug|x64.Build.0 = Debug|x64
		{89F53474-0886-0ECC-150E-69F08A2F0D5E}.Release|x64.ActiveCfg = Release|x64
		{89F53474-0886-0ECC-150E-69F08A2F0D5E}.Release|x64.Build.0 = Release|x64
		{16A7DA76-16B8-0C64-10AE-D49CFE8F1BEC}.Debug|Win32.ActiveCfg = Debug|Win32
		{16A7DA76-16B8-0C64-10AE-D49CFE8F1BEC}.Debug|Win32.Build.0 = Debug|Win32
		{16A7DA76-16B8-0C64-10AE-D49CFE8F1BEC}.Release|Win32.ActiveCfg = Release|Win32
		{16A7DA76-16B8-0C64-10AE-D49CFE8F1BEC}.Release|Win32.Build.0 = Release|Win32
		{16A7DA76-16B8-0C64-10AE-D49CFE8F1BEC}.Debug|x64.ActiveCfg = Debug|x64
		{16A7DA76-16B8-0C64-10AE-D49CFE8F1BEC}.Debug|x64.Build.0 = Debug|x64
		{16A7DA76-16B8-0C64-10AE-D49CFE8F1BEC}.Release|x64.ActiveCfg = Release|x64
		{16A7DA76-16B8-0C64-10AE-D49CFE8F1BEC}.Release|x64.Build.0 = Release|x64
		{72591863-0D91-0193-0116-39BD9DCFC1D3}.Debug|Win32.ActiveCfg = Debug|Win32
		{72591863-0D91-0193-0116-39BD9DCFC1D3}.Debug|Win32.Build.0 = Debug|Win32
		{72591863-0D91-0193-0116-39BD9DCFC1D3}.Release|Win32.ActiveCfg = Release|Win32
		{72591863-0D91-0193-0116-39BD9DCFC1D3}.Release|Win32.Build.0 = Release|Win32
		{72591863-0D91-0193-0116-39BD9DCFC1D3}.Debug|x64.ActiveCfg = Debug|x64
		{72591863-0D91-0193-0116-39BD9DCFC1D3}.Debug|x64.Build.0 = Debug|x64
		{72591863-0D91-0193-0116-39BD9DCFC1D3}.Release|x64.ActiveCfg = Release|x64
		{72591863-0D91-0193-0116-39BD9DCFC1D3}.Release|x64.Build.0 = Release|x64
		{BE093094-0884-07FD-052B-AD21756FC94C}.Debug|Win32.ActiveCfg = Debug|Win32
		{BE093094-0884-07FD-052B-AD21756FC94C}.Debug|Win32.Build.0 = Debug|Win32
		{BE093094-0884-07FD-052B-AD21756FC94C}.Release|Win32.ActiveCfg = Release|Win32
		{BE093094-0884-07FD-052B-AD21756FC94C}.Release|Win32.Build.0 = Release|Win32
		{BE093094-0884-07FD-052B-AD21756FC94C}.Debug|x64.ActiveCfg = Debug|x64
		{BE093094-0884-07FD-052B-AD21756FC94C}.Debug|x64.Build.0 = Debug|x64
		{BE093094-0884-07FD-052B-AD21756FC94C}.Release|x64.ActiveCfg = Release|x64
		{BE093094-0884-07FD-052B-AD21756FC94C}.Release|x64.Build.0 = Release|x64
		{08A91CA9-144E-1254-05D3-E1BE6A9C4D32}.Debug|Win32.ActiveCfg = Debug|Win32
		{08A91CA9-144E-1254-05D3-E1BE6A9C4D32}.Debug|Win32.Build.0 = Debug|Win32
		{08A91CA9-144E-1254-05D3-E1BE6A9C4D32}.Release|Win32.ActiveCfg = Release|Win32
		{08A91CA9-144E-1254-05D3-E1BE6A9C4D32}.Release|Win32.Build.0 = Release|Win32
		{08A91CA9-144E-1254-05D3-E1BE6A9C4D32}.Debug|x64.ActiveCfg = Debug|x64
		{08A91CA9-144E-1254-05D3-E1BE6A9C4D32}.Debug|x64.Build.0 = Debug|x64
		{08A91CA9-144E-1254-05D3-E1BE6A9C4D32}.Release|x64.ActiveCfg = Release|x64
		{08A91CA9-144E-1254-05D3-E1BE6A9C4D32}.Release|x64.Build.0 = Release|x64
		{903A8DAF-0793-1452-1472-33C505CBFFAE}.Debug|Win32.ActiveCfg = Debug|Win32
		{903A8DAF-0793-1452-1472-33C505CBFFAE}.Debug|Win32.Build.0 = Debug|Win32
		{903A8DAF-0793-1452-1472-33C505CBFFAE}.Release|Win32.ActiveCfg = Release|Win32
		{903A8DAF-0793-1452-1472-33C505CBFFAE}.Release|Win32.Build.0 = Release|Win32
		{903A8DAF-0793-1452-1472-33C505CBFFAE}.Debug|x64.ActiveCfg = Debug|x64
		{903A8DAF-0793-1452-1472-33C505CBFFAE}.Debug|x64.Build.0 = Debug|x64
		{903A8DAF-0793-1452-1472-33C505CBFFAE}.Release|x64.ActiveCfg = Release|x64
		{903A8DAF-0793-1452-1472-33C505CBFFAE}.Release|x64.Build.0 = Release|x64
		{FF21F300-038C-0DA5-123F-DEDF872550EE}.Debug|Win32.ActiveCfg = Debug|Win32
		{FF21F300-038C-0DA5-123F-DEDF872550EE}.Debug|Win32.Build.0 = Debug|Win32
		{FF21F300-038C-0DA5-123F-DEDF872550EE}.Release|Win32.ActiveCfg = Release|Win32
		{FF21F300-038C-0DA5-123F-DEDF872550EE}.Release|Win32.Build.0 = Release|Win32
		{FF21F300-038C-0DA5-123F-DEDF872550EE}.Debug|x64.ActiveCfg = Debug|x64
		{FF21F300-038C-0DA5-123F-DEDF872550EE}.Debug|x64.Build.0 = Debug|x64
		{FF21F300-038C-0DA5-123F-DEDF872550EE}.Release|x64.ActiveCfg = Release|x64
		{FF21F300-038C-0DA5-123F-DEDF872550EE}.Release|x64.Build.0 = Release|x64
		{E46FB366-08C1-1649-172A-E3BED104A884}.Debug|Win32.ActiveCfg = Debug|Win32
		{E46FB366-08C1-1649-172A-E3BED104A884}.Debug|Win32.Build.0 = Debug|Win32
		{E46FB366-08C1-1649-172A-E3BED104A884}.Release|Win32.ActiveCfg = Release|Win32
		{E46FB366-08C1-1649-172A-E3BED104A884}.Release|Win32.Build.0 = Release|Win32
		{E46FB366-08C1-1649-172A-E3BED104A884}.Debug|x64.ActiveCfg = Debug|x64
		{E46FB366-08C1-1649-172A-E3BED104A884}.Debug|x64.Build.0 = Debug|x64
		{E46FB366-08C1-1649-172A-E3BED104A884}.Release|x64.ActiveCfg = Release|x64
		{E46FB366-08C1-1649-172A-E3BED104A884}.Release|x64.Build.0 = Release|x64
		{D3AB908A-045D-0969-13BD-C313AB407C77}.Debug|Win32.ActiveCfg = Debug|Win32
		{D3AB908A-045D-0969-13BD-C313AB407C77}.Debug|Win32.Build.0 = Debug|Win32
		{D3AB908A-045D-0969-13BD-C313AB407C77}.Release|Win32.ActiveCfg = Release|Win32
		{D3AB908A-045D-0969-13BD-C313AB407C77}.Release|Win32.Build.0 = Release|Win32
		{D3AB908A-045D-0969-13BD-C313AB407C77}.Debug|x64.ActiveCfg = Debug|x64
		{D3AB908A-045D-0969-13BD-C313AB407C77}.Debug|x64.Build.0 = Debug|x64
		{D3AB908A-045D-0969-13BD-C313AB407C77}.Release|x64.ActiveCfg = Release|x64
		{D3AB908A-045D-0969-13BD-C313AB407C77}.Release|x64.Build.0 = Release|x64
		{AB694568-07A4-0330-0430-6EBF5BD51A28}.Debug|Win32.ActiveCfg = Debug|Win32
		{AB694568-07A4-0330-0430-6EBF5BD51A28}.Debug|Win32.Build.0 = Debug|Win32
		{AB694568-07A4-0330-0430-6EBF5BD51A28}.Release|Win32.ActiveCfg = Release|Win32
		{AB694568-07A4-0330-0430-6EBF5BD51A28}.Release|Win32.Build.0 = Release|Win32
		{AB694568-07A4-0330-0430-6EBF5BD51A28}.Debug|x64.ActiveCfg = Debug|x64
		{AB694568-07A4-0330-0430-6EBF5BD51A28}.Debug|x64.Build.0 = Debug|x64
		{AB694568-07A4-0330-0430-6EBF5BD51A28}.Release|x64.ActiveCfg = Release|x64
		{AB694568-07A4-0330-0430-6EBF5BD51A28}.Release|x64.Build.0 = Release|x64
		{A83E29A8-1308-16E2-164E-49BF2FA6C281}.Debug|Win32.ActiveCfg = Debug|Win32
		{A83E29A8-1308-16E2-164E-49BF2FA6C281}.Debug|Win32.Build.0 = Debug|Win32
		{A83E29A8-1308-16E2-164E-49BF2FA6C281}.Release|Win32.ActiveCfg = Release|Win32
		{A83E29A8-1308-16E2-164E-49BF2FA6C281}.Release|Win32.Build.0 = Release|Win32
		{A83E29A8-1308-16E2-164E-49BF2FA6C281}.Debug|x64.ActiveCfg = Debug|x64
		{A83E29A8-1308-16E2-164E-49BF2FA6C281}.Debug|x64.Build.0 = Debug|x64
		{A83E29A8-1308-16E2-164E-49BF2FA6C281}.Release|x64.ActiveCfg = Release|x64
		{A83E29A8-1308-16E2-164E-49BF2FA6C281}.Release|x64.Build.0 = Release|x64
		{2BB57039-04DD-00E4-0A6A-BE3215CA0842}.Debug|Win32.ActiveCfg = Debug|Win32
		{2BB57039-04DD-00E4-0A6A-BE3215CA0842}.Debug|Win32.Build.0 = Debug|Win32
		{2BB57039-04DD-00E4-0A6A-BE3215CA0842}.Release|Win32.ActiveCfg = Release|Win32
		{2BB57039-04DD-00E4-0A6A-BE3215CA0842}.Release|Win32.Build.0 = Release|Win32
		{2BB57039-04DD-00E4-0A6A-BE3215CA0842}.Debug|x64.ActiveCfg = Debug|x64
		{2BB57039-04DD-00E4-0A6A-BE3215CA0842}.Debug|x64.Build.0 = Debug|x64
		{2BB57039-04DD-00E4-0A6A-BE3215CA0842}.Release|x64.ActiveCfg = Release|x64
		{2BB57039-04DD-00E4-0A6A-BE3215CA0842}.Release|x64.Build.0 = Release|x64
	EndGlobalSection
	GlobalSection(SolutionProperties) = preSolution
		HideSolutionNode = FALSE
	EndGlobalSection
EndGlobal
