<?xml version="1.0" encoding="utf-8"?>
<Project ToolsVersion="4.0" xmlns="http://schemas.microsoft.com/developer/msbuild/2003">
  <ItemGroup>
    <Filter Include="Source files">
      <UniqueIdentifier>{F271FF11-01AB-179D-14AB-D863DB83FD5B}</UniqueIdentifier>
    </Filter>
    <Filter Include="Header files">
      <UniqueIdentifier>{6E9988E2-1724-028C-16F9-FA29E3D43007}</UniqueIdentifier>
    </Filter>
    <Filter Include="Source files\IVtkDraw">
      <UniqueIdentifier>{9D38339D-0825-0FCA-0444-0EE3586FC6BF}</UniqueIdentifier>
    </Filter>
    <Filter Include="Header files\IVtkDraw">
      <UniqueIdentifier>{615C30AE-061E-0D23-0282-5A11DB4A7F9E}</UniqueIdentifier>
    </Filter>
  </ItemGroup>
  <ItemGroup>
    <ClCompile Include="..\..\..\src\IVtkDraw\IVtkDraw.cxx">
      <Filter>Source files\IVtkDraw</Filter>
    </ClCompile>
    <ClCompile Include="..\..\..\src\IVtkDraw\IVtkDraw_HighlightAndSelectionPipeline.cxx">
      <Filter>Source files\IVtkDraw</Filter>
    </ClCompile>
    <ClCompile Include="..\..\..\src\IVtkDraw\IVtkDraw_Interactor.cxx">
      <Filter>Source files\IVtkDraw</Filter>
    </ClCompile>
  </ItemGroup>
  <ItemGroup>
    <ClInclude Include="..\..\..\src\IVtkDraw\IVtkDraw.hxx">
      <Filter>Header files\IVtkDraw</Filter>
    </ClInclude>
    <ClInclude Include="..\..\..\src\IVtkDraw\IVtkDraw_HighlightAndSelectionPipeline.hxx">
      <Filter>Header files\IVtkDraw</Filter>
    </ClInclude>
    <ClInclude Include="..\..\..\src\IVtkDraw\IVtkDraw_Interactor.hxx">
      <Filter>Header files\IVtkDraw</Filter>
    </ClInclude>
  </ItemGroup>
  <ItemGroup>
    <ResourceCompile Include="TKIVtkDraw.rc" />
  </ItemGroup>
</Project>
