<?xml version="1.0" encoding="utf-8"?>
<Project ToolsVersion="4.0" xmlns="http://schemas.microsoft.com/developer/msbuild/2003">
  <ItemGroup>
    <Filter Include="Source files">
      <UniqueIdentifier>{2F08CDDE-06C0-0894-01A8-A62F2E63B053}</UniqueIdentifier>
    </Filter>
    <Filter Include="Header files">
      <UniqueIdentifier>{CD2B4BCD-0113-0DAA-0A6D-BA22933405AF}</UniqueIdentifier>
    </Filter>
    <Filter Include="Source files\BRepPrim">
      <UniqueIdentifier>{612AEEA4-1944-0EFF-0046-798CF715E0B0}</UniqueIdentifier>
    </Filter>
    <Filter Include="Source files\BRepSweep">
      <UniqueIdentifier>{525E8DAB-04C2-0953-05D6-65181E12943E}</UniqueIdentifier>
    </Filter>
    <Filter Include="Source files\Sweep">
      <UniqueIdentifier>{C298F36C-0A12-06C3-06D8-A4B20DA599C4}</UniqueIdentifier>
    </Filter>
    <Filter Include="Source files\BRepPreviewAPI">
      <UniqueIdentifier>{1214378E-143F-044E-17F4-7D670CF85601}</UniqueIdentifier>
    </Filter>
    <Filter Include="Source files\BRepPrimAPI">
      <UniqueIdentifier>{D67441B6-0659-0C51-0892-C6EF3A83D81B}</UniqueIdentifier>
    </Filter>
    <Filter Include="Header files\BRepPrim">
      <UniqueIdentifier>{E10DCF75-0D2F-1973-0056-14A327E35682}</UniqueIdentifier>
    </Filter>
    <Filter Include="Header files\BRepSweep">
      <UniqueIdentifier>{447D91E8-0E59-1167-0AE6-C559AE82D665}</UniqueIdentifier>
    </Filter>
    <Filter Include="Header files\Sweep">
      <UniqueIdentifier>{C9ADC59A-0702-0197-10B6-50CF8367DA09}</UniqueIdentifier>
    </Filter>
    <Filter Include="Header files\BRepPreviewAPI">
      <UniqueIdentifier>{1BC42ABE-052B-05AA-01B8-0954868C2F96}</UniqueIdentifier>
    </Filter>
    <Filter Include="Header files\BRepPrimAPI">
      <UniqueIdentifier>{883DDAF9-1349-059E-0114-F09AD244615F}</UniqueIdentifier>
    </Filter>
  </ItemGroup>
  <ItemGroup>
    <ClCompile Include="..\..\..\src\BRepPrim\BRepPrim_Builder.cxx">
      <Filter>Source files\BRepPrim</Filter>
    </ClCompile>
    <ClCompile Include="..\..\..\src\BRepPrim\BRepPrim_Cone.cxx">
      <Filter>Source files\BRepPrim</Filter>
    </ClCompile>
    <ClCompile Include="..\..\..\src\BRepPrim\BRepPrim_Cylinder.cxx">
      <Filter>Source files\BRepPrim</Filter>
    </ClCompile>
    <ClCompile Include="..\..\..\src\BRepPrim\BRepPrim_FaceBuilder.cxx">
      <Filter>Source files\BRepPrim</Filter>
    </ClCompile>
    <ClCompile Include="..\..\..\src\BRepPrim\BRepPrim_GWedge.cxx">
      <Filter>Source files\BRepPrim</Filter>
    </ClCompile>
    <ClCompile Include="..\..\..\src\BRepPrim\BRepPrim_OneAxis.cxx">
      <Filter>Source files\BRepPrim</Filter>
    </ClCompile>
    <ClCompile Include="..\..\..\src\BRepPrim\BRepPrim_Revolution.cxx">
      <Filter>Source files\BRepPrim</Filter>
    </ClCompile>
    <ClCompile Include="..\..\..\src\BRepPrim\BRepPrim_Sphere.cxx">
      <Filter>Source files\BRepPrim</Filter>
    </ClCompile>
    <ClCompile Include="..\..\..\src\BRepPrim\BRepPrim_Torus.cxx">
      <Filter>Source files\BRepPrim</Filter>
    </ClCompile>
    <ClCompile Include="..\..\..\src\BRepPrim\BRepPrim_Wedge.cxx">
      <Filter>Source files\BRepPrim</Filter>
    </ClCompile>
    <ClCompile Include="..\..\..\src\BRepSweep\BRepSweep_Builder.cxx">
      <Filter>Source files\BRepSweep</Filter>
    </ClCompile>
    <ClCompile Include="..\..\..\src\BRepSweep\BRepSweep_Iterator.cxx">
      <Filter>Source files\BRepSweep</Filter>
    </ClCompile>
    <ClCompile Include="..\..\..\src\BRepSweep\BRepSweep_NumLinearRegularSweep.cxx">
      <Filter>Source files\BRepSweep</Filter>
    </ClCompile>
    <ClCompile Include="..\..\..\src\BRepSweep\BRepSweep_Prism.cxx">
      <Filter>Source files\BRepSweep</Filter>
    </ClCompile>
    <ClCompile Include="..\..\..\src\BRepSweep\BRepSweep_Revol.cxx">
      <Filter>Source files\BRepSweep</Filter>
    </ClCompile>
    <ClCompile Include="..\..\..\src\BRepSweep\BRepSweep_Rotation.cxx">
      <Filter>Source files\BRepSweep</Filter>
    </ClCompile>
    <ClCompile Include="..\..\..\src\BRepSweep\BRepSweep_Tool.cxx">
      <Filter>Source files\BRepSweep</Filter>
    </ClCompile>
    <ClCompile Include="..\..\..\src\BRepSweep\BRepSweep_Translation.cxx">
      <Filter>Source files\BRepSweep</Filter>
    </ClCompile>
    <ClCompile Include="..\..\..\src\BRepSweep\BRepSweep_Trsf.cxx">
      <Filter>Source files\BRepSweep</Filter>
    </ClCompile>
    <ClCompile Include="..\..\..\src\Sweep\Sweep_NumShape.cxx">
      <Filter>Source files\Sweep</Filter>
    </ClCompile>
    <ClCompile Include="..\..\..\src\Sweep\Sweep_NumShapeIterator.cxx">
      <Filter>Source files\Sweep</Filter>
    </ClCompile>
    <ClCompile Include="..\..\..\src\Sweep\Sweep_NumShapeTool.cxx">
      <Filter>Source files\Sweep</Filter>
    </ClCompile>
    <ClCompile Include="..\..\..\src\BRepPreviewAPI\BRepPreviewAPI_MakeBox.cxx">
      <Filter>Source files\BRepPreviewAPI</Filter>
    </ClCompile>
    <ClCompile Include="..\..\..\src\BRepPrimAPI\BRepPrimAPI_MakeBox.cxx">
      <Filter>Source files\BRepPrimAPI</Filter>
    </ClCompile>
    <ClCompile Include="..\..\..\src\BRepPrimAPI\BRepPrimAPI_MakeCone.cxx">
      <Filter>Source files\BRepPrimAPI</Filter>
    </ClCompile>
    <ClCompile Include="..\..\..\src\BRepPrimAPI\BRepPrimAPI_MakeCylinder.cxx">
      <Filter>Source files\BRepPrimAPI</Filter>
    </ClCompile>
    <ClCompile Include="..\..\..\src\BRepPrimAPI\BRepPrimAPI_MakeHalfSpace.cxx">
      <Filter>Source files\BRepPrimAPI</Filter>
    </ClCompile>
    <ClCompile Include="..\..\..\src\BRepPrimAPI\BRepPrimAPI_MakeOneAxis.cxx">
      <Filter>Source files\BRepPrimAPI</Filter>
    </ClCompile>
    <ClCompile Include="..\..\..\src\BRepPrimAPI\BRepPrimAPI_MakePrism.cxx">
      <Filter>Source files\BRepPrimAPI</Filter>
    </ClCompile>
    <ClCompile Include="..\..\..\src\BRepPrimAPI\BRepPrimAPI_MakeRevol.cxx">
      <Filter>Source files\BRepPrimAPI</Filter>
    </ClCompile>
    <ClCompile Include="..\..\..\src\BRepPrimAPI\BRepPrimAPI_MakeRevolution.cxx">
      <Filter>Source files\BRepPrimAPI</Filter>
    </ClCompile>
    <ClCompile Include="..\..\..\src\BRepPrimAPI\BRepPrimAPI_MakeSphere.cxx">
      <Filter>Source files\BRepPrimAPI</Filter>
    </ClCompile>
    <ClCompile Include="..\..\..\src\BRepPrimAPI\BRepPrimAPI_MakeTorus.cxx">
      <Filter>Source files\BRepPrimAPI</Filter>
    </ClCompile>
    <ClCompile Include="..\..\..\src\BRepPrimAPI\BRepPrimAPI_MakeWedge.cxx">
      <Filter>Source files\BRepPrimAPI</Filter>
    </ClCompile>
  </ItemGroup>
  <ItemGroup>
    <ClInclude Include="..\..\..\src\BRepPrim\BRepPrim_Builder.hxx">
      <Filter>Header files\BRepPrim</Filter>
    </ClInclude>
    <ClInclude Include="..\..\..\src\BRepPrim\BRepPrim_Builder.lxx">
      <Filter>Header files\BRepPrim</Filter>
    </ClInclude>
    <ClInclude Include="..\..\..\src\BRepPrim\BRepPrim_Cone.hxx">
      <Filter>Header files\BRepPrim</Filter>
    </ClInclude>
    <ClInclude Include="..\..\..\src\BRepPrim\BRepPrim_Cylinder.hxx">
      <Filter>Header files\BRepPrim</Filter>
    </ClInclude>
    <ClInclude Include="..\..\..\src\BRepPrim\BRepPrim_Direction.hxx">
      <Filter>Header files\BRepPrim</Filter>
    </ClInclude>
    <ClInclude Include="..\..\..\src\BRepPrim\BRepPrim_FaceBuilder.hxx">
      <Filter>Header files\BRepPrim</Filter>
    </ClInclude>
    <ClInclude Include="..\..\..\src\BRepPrim\BRepPrim_GWedge.hxx">
      <Filter>Header files\BRepPrim</Filter>
    </ClInclude>
    <ClInclude Include="..\..\..\src\BRepPrim\BRepPrim_OneAxis.hxx">
      <Filter>Header files\BRepPrim</Filter>
    </ClInclude>
    <ClInclude Include="..\..\..\src\BRepPrim\BRepPrim_Revolution.hxx">
      <Filter>Header files\BRepPrim</Filter>
    </ClInclude>
    <ClInclude Include="..\..\..\src\BRepPrim\BRepPrim_Sphere.hxx">
      <Filter>Header files\BRepPrim</Filter>
    </ClInclude>
    <ClInclude Include="..\..\..\src\BRepPrim\BRepPrim_Torus.hxx">
      <Filter>Header files\BRepPrim</Filter>
    </ClInclude>
    <ClInclude Include="..\..\..\src\BRepPrim\BRepPrim_Wedge.hxx">
      <Filter>Header files\BRepPrim</Filter>
    </ClInclude>
    <ClInclude Include="..\..\..\src\BRepSweep\BRepSweep_Builder.hxx">
      <Filter>Header files\BRepSweep</Filter>
    </ClInclude>
    <ClInclude Include="..\..\..\src\BRepSweep\BRepSweep_Builder.lxx">
      <Filter>Header files\BRepSweep</Filter>
    </ClInclude>
    <ClInclude Include="..\..\..\src\BRepSweep\BRepSweep_Iterator.hxx">
      <Filter>Header files\BRepSweep</Filter>
    </ClInclude>
    <ClInclude Include="..\..\..\src\BRepSweep\BRepSweep_Iterator.lxx">
      <Filter>Header files\BRepSweep</Filter>
    </ClInclude>
    <ClInclude Include="..\..\..\src\BRepSweep\BRepSweep_NumLinearRegularSweep.hxx">
      <Filter>Header files\BRepSweep</Filter>
    </ClInclude>
    <ClInclude Include="..\..\..\src\BRepSweep\BRepSweep_Prism.hxx">
      <Filter>Header files\BRepSweep</Filter>
    </ClInclude>
    <ClInclude Include="..\..\..\src\BRepSweep\BRepSweep_Revol.hxx">
      <Filter>Header files\BRepSweep</Filter>
    </ClInclude>
    <ClInclude Include="..\..\..\src\BRepSweep\BRepSweep_Rotation.hxx">
      <Filter>Header files\BRepSweep</Filter>
    </ClInclude>
    <ClInclude Include="..\..\..\src\BRepSweep\BRepSweep_Tool.hxx">
      <Filter>Header files\BRepSweep</Filter>
    </ClInclude>
    <ClInclude Include="..\..\..\src\BRepSweep\BRepSweep_Translation.hxx">
      <Filter>Header files\BRepSweep</Filter>
    </ClInclude>
    <ClInclude Include="..\..\..\src\BRepSweep\BRepSweep_Trsf.hxx">
      <Filter>Header files\BRepSweep</Filter>
    </ClInclude>
    <ClInclude Include="..\..\..\src\Sweep\Sweep_NumShape.hxx">
      <Filter>Header files\Sweep</Filter>
    </ClInclude>
    <ClInclude Include="..\..\..\src\Sweep\Sweep_NumShape.lxx">
      <Filter>Header files\Sweep</Filter>
    </ClInclude>
    <ClInclude Include="..\..\..\src\Sweep\Sweep_NumShapeIterator.hxx">
      <Filter>Header files\Sweep</Filter>
    </ClInclude>
    <ClInclude Include="..\..\..\src\Sweep\Sweep_NumShapeIterator.lxx">
      <Filter>Header files\Sweep</Filter>
    </ClInclude>
    <ClInclude Include="..\..\..\src\Sweep\Sweep_NumShapeTool.hxx">
      <Filter>Header files\Sweep</Filter>
    </ClInclude>
    <ClInclude Include="..\..\..\src\BRepPreviewAPI\BRepPreviewAPI_MakeBox.hxx">
      <Filter>Header files\BRepPreviewAPI</Filter>
    </ClInclude>
    <ClInclude Include="..\..\..\src\BRepPrimAPI\BRepPrimAPI_MakeBox.hxx">
      <Filter>Header files\BRepPrimAPI</Filter>
    </ClInclude>
    <ClInclude Include="..\..\..\src\BRepPrimAPI\BRepPrimAPI_MakeCone.hxx">
      <Filter>Header files\BRepPrimAPI</Filter>
    </ClInclude>
    <ClInclude Include="..\..\..\src\BRepPrimAPI\BRepPrimAPI_MakeCylinder.hxx">
      <Filter>Header files\BRepPrimAPI</Filter>
    </ClInclude>
    <ClInclude Include="..\..\..\src\BRepPrimAPI\BRepPrimAPI_MakeHalfSpace.hxx">
      <Filter>Header files\BRepPrimAPI</Filter>
    </ClInclude>
    <ClInclude Include="..\..\..\src\BRepPrimAPI\BRepPrimAPI_MakeOneAxis.hxx">
      <Filter>Header files\BRepPrimAPI</Filter>
    </ClInclude>
    <ClInclude Include="..\..\..\src\BRepPrimAPI\BRepPrimAPI_MakePrism.hxx">
      <Filter>Header files\BRepPrimAPI</Filter>
    </ClInclude>
    <ClInclude Include="..\..\..\src\BRepPrimAPI\BRepPrimAPI_MakeRevol.hxx">
      <Filter>Header files\BRepPrimAPI</Filter>
    </ClInclude>
    <ClInclude Include="..\..\..\src\BRepPrimAPI\BRepPrimAPI_MakeRevolution.hxx">
      <Filter>Header files\BRepPrimAPI</Filter>
    </ClInclude>
    <ClInclude Include="..\..\..\src\BRepPrimAPI\BRepPrimAPI_MakeSphere.hxx">
      <Filter>Header files\BRepPrimAPI</Filter>
    </ClInclude>
    <ClInclude Include="..\..\..\src\BRepPrimAPI\BRepPrimAPI_MakeSweep.hxx">
      <Filter>Header files\BRepPrimAPI</Filter>
    </ClInclude>
    <ClInclude Include="..\..\..\src\BRepPrimAPI\BRepPrimAPI_MakeTorus.hxx">
      <Filter>Header files\BRepPrimAPI</Filter>
    </ClInclude>
    <ClInclude Include="..\..\..\src\BRepPrimAPI\BRepPrimAPI_MakeWedge.hxx">
      <Filter>Header files\BRepPrimAPI</Filter>
    </ClInclude>
  </ItemGroup>
  <ItemGroup>
    <ResourceCompile Include="TKPrim.rc" />
  </ItemGroup>
</Project>
