<?xml version="1.0" encoding="utf-8"?>
<Project ToolsVersion="4.0" xmlns="http://schemas.microsoft.com/developer/msbuild/2003">
  <ItemGroup>
    <Filter Include="Source files">
      <UniqueIdentifier>{F99472E8-0A4B-17B9-0FB9-87496EE5F6E1}</UniqueIdentifier>
    </Filter>
    <Filter Include="Header files">
      <UniqueIdentifier>{B34E8D2E-1798-119D-0964-2833C85FA9B5}</UniqueIdentifier>
    </Filter>
    <Filter Include="Source files\ExpToCasExe">
      <UniqueIdentifier>{7EB48627-16C8-18AE-0A00-F4BBD657F525}</UniqueIdentifier>
    </Filter>
  </ItemGroup>
  <ItemGroup>
    <ClCompile Include="..\..\..\src\ExpToCasExe\lex.exptocas.cxx">
      <Filter>Source files\ExpToCasExe</Filter>
    </ClCompile>
    <ClCompile Include="..\..\..\src\ExpToCasExe\exptocas.tab.cxx">
      <Filter>Source files\ExpToCasExe</Filter>
    </ClCompile>
    <ClCompile Include="..\..\..\src\ExpToCasExe\ExpToCasExe.cxx">
      <Filter>Source files\ExpToCasExe</Filter>
    </ClCompile>
  </ItemGroup>
  <ItemGroup>
  </ItemGroup>
  <ItemGroup>
    <ResourceCompile Include="ExpToCasExe.rc" />
  </ItemGroup>
</Project>
