<?xml version="1.0" encoding="utf-8"?>
<Project ToolsVersion="4.0" xmlns="http://schemas.microsoft.com/developer/msbuild/2003">
  <ItemGroup>
    <Filter Include="Source files">
      <UniqueIdentifier>{29BDB256-0045-0522-07CE-EE49E43553B5}</UniqueIdentifier>
    </Filter>
    <Filter Include="Header files">
      <UniqueIdentifier>{0AB51C4F-09FD-137F-00D3-FF0FA35BA94E}</UniqueIdentifier>
    </Filter>
    <Filter Include="Source files\Geom2d">
      <UniqueIdentifier>{C873DEC2-1441-0F97-0CD8-CE2B838AD071}</UniqueIdentifier>
    </Filter>
    <Filter Include="Source files\LProp">
      <UniqueIdentifier>{7AAD0B6F-178F-0D58-0DE0-97AE262A419B}</UniqueIdentifier>
    </Filter>
    <Filter Include="Source files\Adaptor2d">
      <UniqueIdentifier>{392DDDAF-107D-103C-00F7-6531EDB0E232}</UniqueIdentifier>
    </Filter>
    <Filter Include="Source files\Geom2dLProp">
      <UniqueIdentifier>{D27D7EA2-089B-0A85-083E-F857B4460827}</UniqueIdentifier>
    </Filter>
    <Filter Include="Source files\Geom2dAdaptor">
      <UniqueIdentifier>{C1694EDE-1216-03A7-0FAE-6E0061DAEE58}</UniqueIdentifier>
    </Filter>
    <Filter Include="Source files\Geom2dEvaluator">
      <UniqueIdentifier>{55FDE749-05CF-07F0-0DCE-3578C48BC670}</UniqueIdentifier>
    </Filter>
    <Filter Include="Header files\Geom2d">
      <UniqueIdentifier>{90ED99CD-0A0C-158F-057D-4E1493290030}</UniqueIdentifier>
    </Filter>
    <Filter Include="Header files\LProp">
      <UniqueIdentifier>{CB801EF4-0276-081F-1575-27161D1CD64E}</UniqueIdentifier>
    </Filter>
    <Filter Include="Header files\TColGeom2d">
      <UniqueIdentifier>{39B288CF-00C8-01E7-088E-F29FFCE57071}</UniqueIdentifier>
    </Filter>
    <Filter Include="Header files\Adaptor2d">
      <UniqueIdentifier>{39429194-0259-1338-0DAB-7E17C34A091A}</UniqueIdentifier>
    </Filter>
    <Filter Include="Header files\Geom2dLProp">
      <UniqueIdentifier>{9B8BA5EE-1814-0BDB-1539-EB9F652DB6ED}</UniqueIdentifier>
    </Filter>
    <Filter Include="Header files\Geom2dAdaptor">
      <UniqueIdentifier>{44929F8F-039B-15EA-0072-4E82063A635A}</UniqueIdentifier>
    </Filter>
    <Filter Include="Header files\Geom2dEvaluator">
      <UniqueIdentifier>{50E96DB0-0B71-159C-0219-87AF1EF9E182}</UniqueIdentifier>
    </Filter>
  </ItemGroup>
  <ItemGroup>
    <ClCompile Include="..\..\..\src\Geom2d\Geom2d_AxisPlacement.cxx">
      <Filter>Source files\Geom2d</Filter>
    </ClCompile>
    <ClCompile Include="..\..\..\src\Geom2d\Geom2d_BSplineCurve.cxx">
      <Filter>Source files\Geom2d</Filter>
    </ClCompile>
    <ClCompile Include="..\..\..\src\Geom2d\Geom2d_BSplineCurve_1.cxx">
      <Filter>Source files\Geom2d</Filter>
    </ClCompile>
    <ClCompile Include="..\..\..\src\Geom2d\Geom2d_BezierCurve.cxx">
      <Filter>Source files\Geom2d</Filter>
    </ClCompile>
    <ClCompile Include="..\..\..\src\Geom2d\Geom2d_BoundedCurve.cxx">
      <Filter>Source files\Geom2d</Filter>
    </ClCompile>
    <ClCompile Include="..\..\..\src\Geom2d\Geom2d_CartesianPoint.cxx">
      <Filter>Source files\Geom2d</Filter>
    </ClCompile>
    <ClCompile Include="..\..\..\src\Geom2d\Geom2d_Circle.cxx">
      <Filter>Source files\Geom2d</Filter>
    </ClCompile>
    <ClCompile Include="..\..\..\src\Geom2d\Geom2d_Conic.cxx">
      <Filter>Source files\Geom2d</Filter>
    </ClCompile>
    <ClCompile Include="..\..\..\src\Geom2d\Geom2d_Curve.cxx">
      <Filter>Source files\Geom2d</Filter>
    </ClCompile>
    <ClCompile Include="..\..\..\src\Geom2d\Geom2d_Direction.cxx">
      <Filter>Source files\Geom2d</Filter>
    </ClCompile>
    <ClCompile Include="..\..\..\src\Geom2d\Geom2d_Ellipse.cxx">
      <Filter>Source files\Geom2d</Filter>
    </ClCompile>
    <ClCompile Include="..\..\..\src\Geom2d\Geom2d_Geometry.cxx">
      <Filter>Source files\Geom2d</Filter>
    </ClCompile>
    <ClCompile Include="..\..\..\src\Geom2d\Geom2d_Hyperbola.cxx">
      <Filter>Source files\Geom2d</Filter>
    </ClCompile>
    <ClCompile Include="..\..\..\src\Geom2d\Geom2d_Line.cxx">
      <Filter>Source files\Geom2d</Filter>
    </ClCompile>
    <ClCompile Include="..\..\..\src\Geom2d\Geom2d_OffsetCurve.cxx">
      <Filter>Source files\Geom2d</Filter>
    </ClCompile>
    <ClCompile Include="..\..\..\src\Geom2d\Geom2d_Parabola.cxx">
      <Filter>Source files\Geom2d</Filter>
    </ClCompile>
    <ClCompile Include="..\..\..\src\Geom2d\Geom2d_Point.cxx">
      <Filter>Source files\Geom2d</Filter>
    </ClCompile>
    <ClCompile Include="..\..\..\src\Geom2d\Geom2d_Transformation.cxx">
      <Filter>Source files\Geom2d</Filter>
    </ClCompile>
    <ClCompile Include="..\..\..\src\Geom2d\Geom2d_TrimmedCurve.cxx">
      <Filter>Source files\Geom2d</Filter>
    </ClCompile>
    <ClCompile Include="..\..\..\src\Geom2d\Geom2d_Vector.cxx">
      <Filter>Source files\Geom2d</Filter>
    </ClCompile>
    <ClCompile Include="..\..\..\src\Geom2d\Geom2d_VectorWithMagnitude.cxx">
      <Filter>Source files\Geom2d</Filter>
    </ClCompile>
    <ClCompile Include="..\..\..\src\LProp\LProp_AnalyticCurInf.cxx">
      <Filter>Source files\LProp</Filter>
    </ClCompile>
    <ClCompile Include="..\..\..\src\LProp\LProp_CurAndInf.cxx">
      <Filter>Source files\LProp</Filter>
    </ClCompile>
    <ClCompile Include="..\..\..\src\Adaptor2d\Adaptor2d_Curve2d.cxx">
      <Filter>Source files\Adaptor2d</Filter>
    </ClCompile>
    <ClCompile Include="..\..\..\src\Adaptor2d\Adaptor2d_Line2d.cxx">
      <Filter>Source files\Adaptor2d</Filter>
    </ClCompile>
    <ClCompile Include="..\..\..\src\Adaptor2d\Adaptor2d_OffsetCurve.cxx">
      <Filter>Source files\Adaptor2d</Filter>
    </ClCompile>
    <ClCompile Include="..\..\..\src\Geom2dLProp\Geom2dLProp_CLProps2d_0.cxx">
      <Filter>Source files\Geom2dLProp</Filter>
    </ClCompile>
    <ClCompile Include="..\..\..\src\Geom2dLProp\Geom2dLProp_CurAndInf2d.cxx">
      <Filter>Source files\Geom2dLProp</Filter>
    </ClCompile>
    <ClCompile Include="..\..\..\src\Geom2dLProp\Geom2dLProp_Curve2dTool.cxx">
      <Filter>Source files\Geom2dLProp</Filter>
    </ClCompile>
    <ClCompile Include="..\..\..\src\Geom2dLProp\Geom2dLProp_FuncCurExt.cxx">
      <Filter>Source files\Geom2dLProp</Filter>
    </ClCompile>
    <ClCompile Include="..\..\..\src\Geom2dLProp\Geom2dLProp_FuncCurNul.cxx">
      <Filter>Source files\Geom2dLProp</Filter>
    </ClCompile>
    <ClCompile Include="..\..\..\src\Geom2dLProp\Geom2dLProp_NumericCurInf2d.cxx">
      <Filter>Source files\Geom2dLProp</Filter>
    </ClCompile>
    <ClCompile Include="..\..\..\src\Geom2dAdaptor\Geom2dAdaptor.cxx">
      <Filter>Source files\Geom2dAdaptor</Filter>
    </ClCompile>
    <ClCompile Include="..\..\..\src\Geom2dAdaptor\Geom2dAdaptor_Curve.cxx">
      <Filter>Source files\Geom2dAdaptor</Filter>
    </ClCompile>
    <ClCompile Include="..\..\..\src\Geom2dEvaluator\Geom2dEvaluator.cxx">
      <Filter>Source files\Geom2dEvaluator</Filter>
    </ClCompile>
    <ClCompile Include="..\..\..\src\Geom2dEvaluator\Geom2dEvaluator_OffsetCurve.cxx">
      <Filter>Source files\Geom2dEvaluator</Filter>
    </ClCompile>
  </ItemGroup>
  <ItemGroup>
    <ClInclude Include="..\..\..\src\Geom2d\Geom2d_AxisPlacement.hxx">
      <Filter>Header files\Geom2d</Filter>
    </ClInclude>
    <ClInclude Include="..\..\..\src\Geom2d\Geom2d_BSplineCurve.hxx">
      <Filter>Header files\Geom2d</Filter>
    </ClInclude>
    <ClInclude Include="..\..\..\src\Geom2d\Geom2d_BezierCurve.hxx">
      <Filter>Header files\Geom2d</Filter>
    </ClInclude>
    <ClInclude Include="..\..\..\src\Geom2d\Geom2d_BoundedCurve.hxx">
      <Filter>Header files\Geom2d</Filter>
    </ClInclude>
    <ClInclude Include="..\..\..\src\Geom2d\Geom2d_CartesianPoint.hxx">
      <Filter>Header files\Geom2d</Filter>
    </ClInclude>
    <ClInclude Include="..\..\..\src\Geom2d\Geom2d_Circle.hxx">
      <Filter>Header files\Geom2d</Filter>
    </ClInclude>
    <ClInclude Include="..\..\..\src\Geom2d\Geom2d_Conic.hxx">
      <Filter>Header files\Geom2d</Filter>
    </ClInclude>
    <ClInclude Include="..\..\..\src\Geom2d\Geom2d_Curve.hxx">
      <Filter>Header files\Geom2d</Filter>
    </ClInclude>
    <ClInclude Include="..\..\..\src\Geom2d\Geom2d_Direction.hxx">
      <Filter>Header files\Geom2d</Filter>
    </ClInclude>
    <ClInclude Include="..\..\..\src\Geom2d\Geom2d_Ellipse.hxx">
      <Filter>Header files\Geom2d</Filter>
    </ClInclude>
    <ClInclude Include="..\..\..\src\Geom2d\Geom2d_Geometry.hxx">
      <Filter>Header files\Geom2d</Filter>
    </ClInclude>
    <ClInclude Include="..\..\..\src\Geom2d\Geom2d_Hyperbola.hxx">
      <Filter>Header files\Geom2d</Filter>
    </ClInclude>
    <ClInclude Include="..\..\..\src\Geom2d\Geom2d_Line.hxx">
      <Filter>Header files\Geom2d</Filter>
    </ClInclude>
    <ClInclude Include="..\..\..\src\Geom2d\Geom2d_OffsetCurve.hxx">
      <Filter>Header files\Geom2d</Filter>
    </ClInclude>
    <ClInclude Include="..\..\..\src\Geom2d\Geom2d_Parabola.hxx">
      <Filter>Header files\Geom2d</Filter>
    </ClInclude>
    <ClInclude Include="..\..\..\src\Geom2d\Geom2d_Point.hxx">
      <Filter>Header files\Geom2d</Filter>
    </ClInclude>
    <ClInclude Include="..\..\..\src\Geom2d\Geom2d_Transformation.hxx">
      <Filter>Header files\Geom2d</Filter>
    </ClInclude>
    <ClInclude Include="..\..\..\src\Geom2d\Geom2d_TrimmedCurve.hxx">
      <Filter>Header files\Geom2d</Filter>
    </ClInclude>
    <ClInclude Include="..\..\..\src\Geom2d\Geom2d_UndefinedDerivative.hxx">
      <Filter>Header files\Geom2d</Filter>
    </ClInclude>
    <ClInclude Include="..\..\..\src\Geom2d\Geom2d_UndefinedValue.hxx">
      <Filter>Header files\Geom2d</Filter>
    </ClInclude>
    <ClInclude Include="..\..\..\src\Geom2d\Geom2d_Vector.hxx">
      <Filter>Header files\Geom2d</Filter>
    </ClInclude>
    <ClInclude Include="..\..\..\src\Geom2d\Geom2d_VectorWithMagnitude.hxx">
      <Filter>Header files\Geom2d</Filter>
    </ClInclude>
    <ClInclude Include="..\..\..\src\LProp\LProp_AnalyticCurInf.hxx">
      <Filter>Header files\LProp</Filter>
    </ClInclude>
    <ClInclude Include="..\..\..\src\LProp\LProp_BadContinuity.hxx">
      <Filter>Header files\LProp</Filter>
    </ClInclude>
    <ClInclude Include="..\..\..\src\LProp\LProp_CIType.hxx">
      <Filter>Header files\LProp</Filter>
    </ClInclude>
    <ClInclude Include="..\..\..\src\LProp\LProp_CLProps.gxx">
      <Filter>Header files\LProp</Filter>
    </ClInclude>
    <ClInclude Include="..\..\..\src\LProp\LProp_CurAndInf.hxx">
      <Filter>Header files\LProp</Filter>
    </ClInclude>
    <ClInclude Include="..\..\..\src\LProp\LProp_NotDefined.hxx">
      <Filter>Header files\LProp</Filter>
    </ClInclude>
    <ClInclude Include="..\..\..\src\LProp\LProp_SLProps.gxx">
      <Filter>Header files\LProp</Filter>
    </ClInclude>
    <ClInclude Include="..\..\..\src\LProp\LProp_SequenceOfCIType.hxx">
      <Filter>Header files\LProp</Filter>
    </ClInclude>
    <ClInclude Include="..\..\..\src\LProp\LProp_Status.hxx">
      <Filter>Header files\LProp</Filter>
    </ClInclude>
    <ClInclude Include="..\..\..\src\TColGeom2d\TColGeom2d_Array1OfBSplineCurve.hxx">
      <Filter>Header files\TColGeom2d</Filter>
    </ClInclude>
    <ClInclude Include="..\..\..\src\TColGeom2d\TColGeom2d_Array1OfBezierCurve.hxx">
      <Filter>Header files\TColGeom2d</Filter>
    </ClInclude>
    <ClInclude Include="..\..\..\src\TColGeom2d\TColGeom2d_Array1OfCurve.hxx">
      <Filter>Header files\TColGeom2d</Filter>
    </ClInclude>
    <ClInclude Include="..\..\..\src\TColGeom2d\TColGeom2d_HArray1OfBSplineCurve.hxx">
      <Filter>Header files\TColGeom2d</Filter>
    </ClInclude>
    <ClInclude Include="..\..\..\src\TColGeom2d\TColGeom2d_HArray1OfBezierCurve.hxx">
      <Filter>Header files\TColGeom2d</Filter>
    </ClInclude>
    <ClInclude Include="..\..\..\src\TColGeom2d\TColGeom2d_HArray1OfCurve.hxx">
      <Filter>Header files\TColGeom2d</Filter>
    </ClInclude>
    <ClInclude Include="..\..\..\src\TColGeom2d\TColGeom2d_HSequenceOfBoundedCurve.hxx">
      <Filter>Header files\TColGeom2d</Filter>
    </ClInclude>
    <ClInclude Include="..\..\..\src\TColGeom2d\TColGeom2d_HSequenceOfCurve.hxx">
      <Filter>Header files\TColGeom2d</Filter>
    </ClInclude>
    <ClInclude Include="..\..\..\src\TColGeom2d\TColGeom2d_SequenceOfBoundedCurve.hxx">
      <Filter>Header files\TColGeom2d</Filter>
    </ClInclude>
    <ClInclude Include="..\..\..\src\TColGeom2d\TColGeom2d_SequenceOfCurve.hxx">
      <Filter>Header files\TColGeom2d</Filter>
    </ClInclude>
    <ClInclude Include="..\..\..\src\TColGeom2d\TColGeom2d_SequenceOfGeometry.hxx">
      <Filter>Header files\TColGeom2d</Filter>
    </ClInclude>
    <ClInclude Include="..\..\..\src\Adaptor2d\Adaptor2d_Curve2d.hxx">
      <Filter>Header files\Adaptor2d</Filter>
    </ClInclude>
    <ClInclude Include="..\..\..\src\Adaptor2d\Adaptor2d_Line2d.hxx">
      <Filter>Header files\Adaptor2d</Filter>
    </ClInclude>
    <ClInclude Include="..\..\..\src\Adaptor2d\Adaptor2d_OffsetCurve.hxx">
      <Filter>Header files\Adaptor2d</Filter>
    </ClInclude>
    <ClInclude Include="..\..\..\src\Geom2dLProp\Geom2dLProp_CLProps2d.hxx">
      <Filter>Header files\Geom2dLProp</Filter>
    </ClInclude>
    <ClInclude Include="..\..\..\src\Geom2dLProp\Geom2dLProp_CurAndInf2d.hxx">
      <Filter>Header files\Geom2dLProp</Filter>
    </ClInclude>
    <ClInclude Include="..\..\..\src\Geom2dLProp\Geom2dLProp_Curve2dTool.hxx">
      <Filter>Header files\Geom2dLProp</Filter>
    </ClInclude>
    <ClInclude Include="..\..\..\src\Geom2dLProp\Geom2dLProp_FuncCurExt.hxx">
      <Filter>Header files\Geom2dLProp</Filter>
    </ClInclude>
    <ClInclude Include="..\..\..\src\Geom2dLProp\Geom2dLProp_FuncCurNul.hxx">
      <Filter>Header files\Geom2dLProp</Filter>
    </ClInclude>
    <ClInclude Include="..\..\..\src\Geom2dLProp\Geom2dLProp_NumericCurInf2d.hxx">
      <Filter>Header files\Geom2dLProp</Filter>
    </ClInclude>
    <ClInclude Include="..\..\..\src\Geom2dAdaptor\Geom2dAdaptor.hxx">
      <Filter>Header files\Geom2dAdaptor</Filter>
    </ClInclude>
    <ClInclude Include="..\..\..\src\Geom2dAdaptor\Geom2dAdaptor_Curve.hxx">
      <Filter>Header files\Geom2dAdaptor</Filter>
    </ClInclude>
    <ClInclude Include="..\..\..\src\Geom2dEvaluator\Geom2dEvaluator.hxx">
      <Filter>Header files\Geom2dEvaluator</Filter>
    </ClInclude>
    <ClInclude Include="..\..\..\src\Geom2dEvaluator\Geom2dEvaluator_Curve.hxx">
      <Filter>Header files\Geom2dEvaluator</Filter>
    </ClInclude>
    <ClInclude Include="..\..\..\src\Geom2dEvaluator\Geom2dEvaluator_OffsetCurve.hxx">
      <Filter>Header files\Geom2dEvaluator</Filter>
    </ClInclude>
  </ItemGroup>
  <ItemGroup>
    <ResourceCompile Include="TKG2d.rc" />
  </ItemGroup>
</Project>
