<?xml version="1.0" encoding="utf-8"?>
<Project ToolsVersion="4.0" xmlns="http://schemas.microsoft.com/developer/msbuild/2003">
  <ItemGroup>
    <Filter Include="Source files">
      <UniqueIdentifier>{060AF07B-0E2E-1021-06B5-45409E95670F}</UniqueIdentifier>
    </Filter>
    <Filter Include="Header files">
      <UniqueIdentifier>{A1331E02-0CAD-172A-08BF-7A49004EC740}</UniqueIdentifier>
    </Filter>
    <Filter Include="Source files\DEBRepCascade">
      <UniqueIdentifier>{FB5AB540-0C34-0258-1689-5CBBC62C03F3}</UniqueIdentifier>
    </Filter>
    <Filter Include="Source files\DEXCAFCascade">
      <UniqueIdentifier>{B75D2CF4-0132-0C1D-059C-1E0245271A3A}</UniqueIdentifier>
    </Filter>
    <Filter Include="Header files\DEBRepCascade">
      <UniqueIdentifier>{2B12F35E-06A1-07B4-04C5-54D08A474EAA}</UniqueIdentifier>
    </Filter>
    <Filter Include="Header files\DEXCAFCascade">
      <UniqueIdentifier>{7D8A6DB0-11D5-0BF8-02E7-4F711D8B53B3}</UniqueIdentifier>
    </Filter>
  </ItemGroup>
  <ItemGroup>
    <ClCompile Include="..\..\..\src\DEBRepCascade\DEBRepCascade_ConfigurationNode.cxx">
      <Filter>Source files\DEBRepCascade</Filter>
    </ClCompile>
    <ClCompile Include="..\..\..\src\DEBRepCascade\DEBRepCascade_Provider.cxx">
      <Filter>Source files\DEBRepCascade</Filter>
    </ClCompile>
    <ClCompile Include="..\..\..\src\DEXCAFCascade\DEXCAFCascade_ConfigurationNode.cxx">
      <Filter>Source files\DEXCAFCascade</Filter>
    </ClCompile>
    <ClCompile Include="..\..\..\src\DEXCAFCascade\DEXCAFCascade_Provider.cxx">
      <Filter>Source files\DEXCAFCascade</Filter>
    </ClCompile>
  </ItemGroup>
  <ItemGroup>
    <ClInclude Include="..\..\..\src\DEBRepCascade\DEBRepCascade_ConfigurationNode.hxx">
      <Filter>Header files\DEBRepCascade</Filter>
    </ClInclude>
    <ClInclude Include="..\..\..\src\DEBRepCascade\DEBRepCascade_Provider.hxx">
      <Filter>Header files\DEBRepCascade</Filter>
    </ClInclude>
    <ClInclude Include="..\..\..\src\DEXCAFCascade\DEXCAFCascade_ConfigurationNode.hxx">
      <Filter>Header files\DEXCAFCascade</Filter>
    </ClInclude>
    <ClInclude Include="..\..\..\src\DEXCAFCascade\DEXCAFCascade_Provider.hxx">
      <Filter>Header files\DEXCAFCascade</Filter>
    </ClInclude>
  </ItemGroup>
  <ItemGroup>
    <ResourceCompile Include="TKXDECascade.rc" />
  </ItemGroup>
</Project>
