Microsoft Visual Studio Solution File, Format Version 12.00
# Visual Studio 2013
Project("{8BC9CEB8-8B4A-11D0-8D11-00A0C91BC942}") = "TKDraw", "TKDraw.vcxproj", "{A22E3D88-1089-1916-0DFF-855949A901D8}"
EndProject
Project("{8BC9CEB8-8B4A-11D0-8D11-00A0C91BC942}") = "TKTopTest", "TKTopTest.vcxproj", "{B84219AF-12F4-1960-13DC-CE01ACCFE0DA}"
	ProjectSection(ProjectDependencies) = postProject
		{A22E3D88-1089-1916-0DFF-855949A901D8} = {A22E3D88-1089-1916-0DFF-855949A901D8}
	EndProjectSection
EndProject
Project("{8BC9CEB8-8B4A-11D0-8D11-00A0C91BC942}") = "TKD3DHostTest", "TKD3DHostTest.vcxproj", "{B30A2A86-1979-0D6E-0163-D2FBC28E8CDA}"
	ProjectSection(ProjectDependencies) = postProject
		{A22E3D88-1089-1916-0DFF-855949A901D8} = {A22E3D88-1089-1916-0DFF-855949A901D8}
	EndProjectSection
EndProject
Project("{8BC9CEB8-8B4A-11D0-8D11-00A0C91BC942}") = "TKIVtkDraw", "TKIVtkDraw.vcxproj", "{C13F92F3-0699-034F-078B-DB3703F8BB6C}"
	ProjectSection(ProjectDependencies) = postProject
		{A22E3D88-1089-1916-0DFF-855949A901D8} = {A22E3D88-1089-1916-0DFF-855949A901D8}
	EndProjectSection
EndProject
Project("{8BC9CEB8-8B4A-11D0-8D11-00A0C91BC942}") = "TKViewerTest", "TKViewerTest.vcxproj", "{D8EC7988-1602-0D3E-08BF-812C6288DE65}"
	ProjectSection(ProjectDependencies) = postProject
		{B84219AF-12F4-1960-13DC-CE01ACCFE0DA} = {B84219AF-12F4-1960-13DC-CE01ACCFE0DA}
		{A22E3D88-1089-1916-0DFF-855949A901D8} = {A22E3D88-1089-1916-0DFF-855949A901D8}
	EndProjectSection
EndProject
Project("{8BC9CEB8-8B4A-11D0-8D11-00A0C91BC942}") = "TKDCAF", "TKDCAF.vcxproj", "{C0C15E1D-035D-164D-0FE2-4C943B97CD71}"
	ProjectSection(ProjectDependencies) = postProject
		{A22E3D88-1089-1916-0DFF-855949A901D8} = {A22E3D88-1089-1916-0DFF-855949A901D8}
		{D8EC7988-1602-0D3E-08BF-812C6288DE65} = {D8EC7988-1602-0D3E-08BF-812C6288DE65}
	EndProjectSection
EndProject
Project("{8BC9CEB8-8B4A-11D0-8D11-00A0C91BC942}") = "TKOpenGlTest", "TKOpenGlTest.vcxproj", "{30C0CA4C-146F-0882-0202-EB173E431300}"
	ProjectSection(ProjectDependencies) = postProject
		{A22E3D88-1089-1916-0DFF-855949A901D8} = {A22E3D88-1089-1916-0DFF-855949A901D8}
		{D8EC7988-1602-0D3E-08BF-812C6288DE65} = {D8EC7988-1602-0D3E-08BF-812C6288DE65}
	EndProjectSection
EndProject
Project("{8BC9CEB8-8B4A-11D0-8D11-00A0C91BC942}") = "TKXSDRAW", "TKXSDRAW.vcxproj", "{94706B16-0B4E-02B1-0CDB-74B5592E245A}"
	ProjectSection(ProjectDependencies) = postProject
		{D8EC7988-1602-0D3E-08BF-812C6288DE65} = {D8EC7988-1602-0D3E-08BF-812C6288DE65}
		{A22E3D88-1089-1916-0DFF-855949A901D8} = {A22E3D88-1089-1916-0DFF-855949A901D8}
		{C0C15E1D-035D-164D-0FE2-4C943B97CD71} = {C0C15E1D-035D-164D-0FE2-4C943B97CD71}
	EndProjectSection
EndProject
Project("{8BC9CEB8-8B4A-11D0-8D11-00A0C91BC942}") = "TKTObjDRAW", "TKTObjDRAW.vcxproj", "{54C08102-0724-1071-0754-841FB13CCD6E}"
	ProjectSection(ProjectDependencies) = postProject
		{A22E3D88-1089-1916-0DFF-855949A901D8} = {A22E3D88-1089-1916-0DFF-855949A901D8}
		{C0C15E1D-035D-164D-0FE2-4C943B97CD71} = {C0C15E1D-035D-164D-0FE2-4C943B97CD71}
	EndProjectSection
EndProject
Project("{8BC9CEB8-8B4A-11D0-8D11-00A0C91BC942}") = "TKXDEDRAW", "TKXDEDRAW.vcxproj", "{D2F78C27-050C-0B7B-1548-EA2C5905C596}"
	ProjectSection(ProjectDependencies) = postProject
		{A22E3D88-1089-1916-0DFF-855949A901D8} = {A22E3D88-1089-1916-0DFF-855949A901D8}
		{94706B16-0B4E-02B1-0CDB-74B5592E245A} = {94706B16-0B4E-02B1-0CDB-74B5592E245A}
		{C0C15E1D-035D-164D-0FE2-4C943B97CD71} = {C0C15E1D-035D-164D-0FE2-4C943B97CD71}
		{D8EC7988-1602-0D3E-08BF-812C6288DE65} = {D8EC7988-1602-0D3E-08BF-812C6288DE65}
	EndProjectSection
EndProject
Project("{8BC9CEB8-8B4A-11D0-8D11-00A0C91BC942}") = "TKQADraw", "TKQADraw.vcxproj", "{EF3AFA00-08AD-0F72-0C95-A80E5F479D92}"
	ProjectSection(ProjectDependencies) = postProject
		{A22E3D88-1089-1916-0DFF-855949A901D8} = {A22E3D88-1089-1916-0DFF-855949A901D8}
		{D8EC7988-1602-0D3E-08BF-812C6288DE65} = {D8EC7988-1602-0D3E-08BF-812C6288DE65}
		{C0C15E1D-035D-164D-0FE2-4C943B97CD71} = {C0C15E1D-035D-164D-0FE2-4C943B97CD71}
		{94706B16-0B4E-02B1-0CDB-74B5592E245A} = {94706B16-0B4E-02B1-0CDB-74B5592E245A}
	EndProjectSection
EndProject
Project("{8BC9CEB8-8B4A-11D0-8D11-00A0C91BC942}") = "DRAWEXE", "DRAWEXE.vcxproj", "{B9E7AB61-13C7-0ED3-14F3-6E49F8BA423C}"
	ProjectSection(ProjectDependencies) = postProject
		{A22E3D88-1089-1916-0DFF-855949A901D8} = {A22E3D88-1089-1916-0DFF-855949A901D8}
	EndProjectSection
EndProject
Global
	GlobalSection(SolutionConfigurationPlatforms) = preSolution
		Debug|Win32 = Debug|Win32
		Release|Win32 = Release|Win32
		Debug|x64 = Debug|x64
		Release|x64 = Release|x64
	EndGlobalSection
	GlobalSection(ProjectConfigurationPlatforms) = postSolution
		{A22E3D88-1089-1916-0DFF-855949A901D8}.Debug|Win32.ActiveCfg = Debug|Win32
		{A22E3D88-1089-1916-0DFF-855949A901D8}.Debug|Win32.Build.0 = Debug|Win32
		{A22E3D88-1089-1916-0DFF-855949A901D8}.Release|Win32.ActiveCfg = Release|Win32
		{A22E3D88-1089-1916-0DFF-855949A901D8}.Release|Win32.Build.0 = Release|Win32
		{A22E3D88-1089-1916-0DFF-855949A901D8}.Debug|x64.ActiveCfg = Debug|x64
		{A22E3D88-1089-1916-0DFF-855949A901D8}.Debug|x64.Build.0 = Debug|x64
		{A22E3D88-1089-1916-0DFF-855949A901D8}.Release|x64.ActiveCfg = Release|x64
		{A22E3D88-1089-1916-0DFF-855949A901D8}.Release|x64.Build.0 = Release|x64
		{B84219AF-12F4-1960-13DC-CE01ACCFE0DA}.Debug|Win32.ActiveCfg = Debug|Win32
		{B84219AF-12F4-1960-13DC-CE01ACCFE0DA}.Debug|Win32.Build.0 = Debug|Win32
		{B84219AF-12F4-1960-13DC-CE01ACCFE0DA}.Release|Win32.ActiveCfg = Release|Win32
		{B84219AF-12F4-1960-13DC-CE01ACCFE0DA}.Release|Win32.Build.0 = Release|Win32
		{B84219AF-12F4-1960-13DC-CE01ACCFE0DA}.Debug|x64.ActiveCfg = Debug|x64
		{B84219AF-12F4-1960-13DC-CE01ACCFE0DA}.Debug|x64.Build.0 = Debug|x64
		{B84219AF-12F4-1960-13DC-CE01ACCFE0DA}.Release|x64.ActiveCfg = Release|x64
		{B84219AF-12F4-1960-13DC-CE01ACCFE0DA}.Release|x64.Build.0 = Release|x64
		{B30A2A86-1979-0D6E-0163-D2FBC28E8CDA}.Debug|Win32.ActiveCfg = Debug|Win32
		{B30A2A86-1979-0D6E-0163-D2FBC28E8CDA}.Debug|Win32.Build.0 = Debug|Win32
		{B30A2A86-1979-0D6E-0163-D2FBC28E8CDA}.Release|Win32.ActiveCfg = Release|Win32
		{B30A2A86-1979-0D6E-0163-D2FBC28E8CDA}.Release|Win32.Build.0 = Release|Win32
		{B30A2A86-1979-0D6E-0163-D2FBC28E8CDA}.Debug|x64.ActiveCfg = Debug|x64
		{B30A2A86-1979-0D6E-0163-D2FBC28E8CDA}.Debug|x64.Build.0 = Debug|x64
		{B30A2A86-1979-0D6E-0163-D2FBC28E8CDA}.Release|x64.ActiveCfg = Release|x64
		{B30A2A86-1979-0D6E-0163-D2FBC28E8CDA}.Release|x64.Build.0 = Release|x64
		{C13F92F3-0699-034F-078B-DB3703F8BB6C}.Debug|Win32.ActiveCfg = Debug|Win32
		{C13F92F3-0699-034F-078B-DB3703F8BB6C}.Debug|Win32.Build.0 = Debug|Win32
		{C13F92F3-0699-034F-078B-DB3703F8BB6C}.Release|Win32.ActiveCfg = Release|Win32
		{C13F92F3-0699-034F-078B-DB3703F8BB6C}.Release|Win32.Build.0 = Release|Win32
		{C13F92F3-0699-034F-078B-DB3703F8BB6C}.Debug|x64.ActiveCfg = Debug|x64
		{C13F92F3-0699-034F-078B-DB3703F8BB6C}.Debug|x64.Build.0 = Debug|x64
		{C13F92F3-0699-034F-078B-DB3703F8BB6C}.Release|x64.ActiveCfg = Release|x64
		{C13F92F3-0699-034F-078B-DB3703F8BB6C}.Release|x64.Build.0 = Release|x64
		{D8EC7988-1602-0D3E-08BF-812C6288DE65}.Debug|Win32.ActiveCfg = Debug|Win32
		{D8EC7988-1602-0D3E-08BF-812C6288DE65}.Debug|Win32.Build.0 = Debug|Win32
		{D8EC7988-1602-0D3E-08BF-812C6288DE65}.Release|Win32.ActiveCfg = Release|Win32
		{D8EC7988-1602-0D3E-08BF-812C6288DE65}.Release|Win32.Build.0 = Release|Win32
		{D8EC7988-1602-0D3E-08BF-812C6288DE65}.Debug|x64.ActiveCfg = Debug|x64
		{D8EC7988-1602-0D3E-08BF-812C6288DE65}.Debug|x64.Build.0 = Debug|x64
		{D8EC7988-1602-0D3E-08BF-812C6288DE65}.Release|x64.ActiveCfg = Release|x64
		{D8EC7988-1602-0D3E-08BF-812C6288DE65}.Release|x64.Build.0 = Release|x64
		{C0C15E1D-035D-164D-0FE2-4C943B97CD71}.Debug|Win32.ActiveCfg = Debug|Win32
		{C0C15E1D-035D-164D-0FE2-4C943B97CD71}.Debug|Win32.Build.0 = Debug|Win32
		{C0C15E1D-035D-164D-0FE2-4C943B97CD71}.Release|Win32.ActiveCfg = Release|Win32
		{C0C15E1D-035D-164D-0FE2-4C943B97CD71}.Release|Win32.Build.0 = Release|Win32
		{C0C15E1D-035D-164D-0FE2-4C943B97CD71}.Debug|x64.ActiveCfg = Debug|x64
		{C0C15E1D-035D-164D-0FE2-4C943B97CD71}.Debug|x64.Build.0 = Debug|x64
		{C0C15E1D-035D-164D-0FE2-4C943B97CD71}.Release|x64.ActiveCfg = Release|x64
		{C0C15E1D-035D-164D-0FE2-4C943B97CD71}.Release|x64.Build.0 = Release|x64
		{30C0CA4C-146F-0882-0202-EB173E431300}.Debug|Win32.ActiveCfg = Debug|Win32
		{30C0CA4C-146F-0882-0202-EB173E431300}.Debug|Win32.Build.0 = Debug|Win32
		{30C0CA4C-146F-0882-0202-EB173E431300}.Release|Win32.ActiveCfg = Release|Win32
		{30C0CA4C-146F-0882-0202-EB173E431300}.Release|Win32.Build.0 = Release|Win32
		{30C0CA4C-146F-0882-0202-EB173E431300}.Debug|x64.ActiveCfg = Debug|x64
		{30C0CA4C-146F-0882-0202-EB173E431300}.Debug|x64.Build.0 = Debug|x64
		{30C0CA4C-146F-0882-0202-EB173E431300}.Release|x64.ActiveCfg = Release|x64
		{30C0CA4C-146F-0882-0202-EB173E431300}.Release|x64.Build.0 = Release|x64
		{94706B16-0B4E-02B1-0CDB-74B5592E245A}.Debug|Win32.ActiveCfg = Debug|Win32
		{94706B16-0B4E-02B1-0CDB-74B5592E245A}.Debug|Win32.Build.0 = Debug|Win32
		{94706B16-0B4E-02B1-0CDB-74B5592E245A}.Release|Win32.ActiveCfg = Release|Win32
		{94706B16-0B4E-02B1-0CDB-74B5592E245A}.Release|Win32.Build.0 = Release|Win32
		{94706B16-0B4E-02B1-0CDB-74B5592E245A}.Debug|x64.ActiveCfg = Debug|x64
		{94706B16-0B4E-02B1-0CDB-74B5592E245A}.Debug|x64.Build.0 = Debug|x64
		{94706B16-0B4E-02B1-0CDB-74B5592E245A}.Release|x64.ActiveCfg = Release|x64
		{94706B16-0B4E-02B1-0CDB-74B5592E245A}.Release|x64.Build.0 = Release|x64
		{54C08102-0724-1071-0754-841FB13CCD6E}.Debug|Win32.ActiveCfg = Debug|Win32
		{54C08102-0724-1071-0754-841FB13CCD6E}.Debug|Win32.Build.0 = Debug|Win32
		{54C08102-0724-1071-0754-841FB13CCD6E}.Release|Win32.ActiveCfg = Release|Win32
		{54C08102-0724-1071-0754-841FB13CCD6E}.Release|Win32.Build.0 = Release|Win32
		{54C08102-0724-1071-0754-841FB13CCD6E}.Debug|x64.ActiveCfg = Debug|x64
		{54C08102-0724-1071-0754-841FB13CCD6E}.Debug|x64.Build.0 = Debug|x64
		{54C08102-0724-1071-0754-841FB13CCD6E}.Release|x64.ActiveCfg = Release|x64
		{54C08102-0724-1071-0754-841FB13CCD6E}.Release|x64.Build.0 = Release|x64
		{D2F78C27-050C-0B7B-1548-EA2C5905C596}.Debug|Win32.ActiveCfg = Debug|Win32
		{D2F78C27-050C-0B7B-1548-EA2C5905C596}.Debug|Win32.Build.0 = Debug|Win32
		{D2F78C27-050C-0B7B-1548-EA2C5905C596}.Release|Win32.ActiveCfg = Release|Win32
		{D2F78C27-050C-0B7B-1548-EA2C5905C596}.Release|Win32.Build.0 = Release|Win32
		{D2F78C27-050C-0B7B-1548-EA2C5905C596}.Debug|x64.ActiveCfg = Debug|x64
		{D2F78C27-050C-0B7B-1548-EA2C5905C596}.Debug|x64.Build.0 = Debug|x64
		{D2F78C27-050C-0B7B-1548-EA2C5905C596}.Release|x64.ActiveCfg = Release|x64
		{D2F78C27-050C-0B7B-1548-EA2C5905C596}.Release|x64.Build.0 = Release|x64
		{EF3AFA00-08AD-0F72-0C95-A80E5F479D92}.Debug|Win32.ActiveCfg = Debug|Win32
		{EF3AFA00-08AD-0F72-0C95-A80E5F479D92}.Debug|Win32.Build.0 = Debug|Win32
		{EF3AFA00-08AD-0F72-0C95-A80E5F479D92}.Release|Win32.ActiveCfg = Release|Win32
		{EF3AFA00-08AD-0F72-0C95-A80E5F479D92}.Release|Win32.Build.0 = Release|Win32
		{EF3AFA00-08AD-0F72-0C95-A80E5F479D92}.Debug|x64.ActiveCfg = Debug|x64
		{EF3AFA00-08AD-0F72-0C95-A80E5F479D92}.Debug|x64.Build.0 = Debug|x64
		{EF3AFA00-08AD-0F72-0C95-A80E5F479D92}.Release|x64.ActiveCfg = Release|x64
		{EF3AFA00-08AD-0F72-0C95-A80E5F479D92}.Release|x64.Build.0 = Release|x64
		{B9E7AB61-13C7-0ED3-14F3-6E49F8BA423C}.Debug|Win32.ActiveCfg = Debug|Win32
		{B9E7AB61-13C7-0ED3-14F3-6E49F8BA423C}.Debug|Win32.Build.0 = Debug|Win32
		{B9E7AB61-13C7-0ED3-14F3-6E49F8BA423C}.Release|Win32.ActiveCfg = Release|Win32
		{B9E7AB61-13C7-0ED3-14F3-6E49F8BA423C}.Release|Win32.Build.0 = Release|Win32
		{B9E7AB61-13C7-0ED3-14F3-6E49F8BA423C}.Debug|x64.ActiveCfg = Debug|x64
		{B9E7AB61-13C7-0ED3-14F3-6E49F8BA423C}.Debug|x64.Build.0 = Debug|x64
		{B9E7AB61-13C7-0ED3-14F3-6E49F8BA423C}.Release|x64.ActiveCfg = Release|x64
		{B9E7AB61-13C7-0ED3-14F3-6E49F8BA423C}.Release|x64.Build.0 = Release|x64
	EndGlobalSection
	GlobalSection(SolutionProperties) = preSolution
		HideSolutionNode = FALSE
	EndGlobalSection
EndGlobal
