<?xml version="1.0" encoding="utf-8"?>
<Project ToolsVersion="4.0" xmlns="http://schemas.microsoft.com/developer/msbuild/2003">
  <ItemGroup>
    <Filter Include="Source files">
      <UniqueIdentifier>{FE52691D-1202-0EC8-063B-9C7385642DE5}</UniqueIdentifier>
    </Filter>
    <Filter Include="Header files">
      <UniqueIdentifier>{014E01EA-1612-0345-0849-E2B053A63C79}</UniqueIdentifier>
    </Filter>
    <Filter Include="Source files\OpenGlTest">
      <UniqueIdentifier>{CC6CE4A0-12BF-130D-0726-EF6E06206EC2}</UniqueIdentifier>
    </Filter>
    <Filter Include="Header files\OpenGlTest">
      <UniqueIdentifier>{4790FB27-156F-0EBC-1374-5C5562E9CD88}</UniqueIdentifier>
    </Filter>
  </ItemGroup>
  <ItemGroup>
    <ClCompile Include="..\..\..\src\OpenGlTest\OpenGlTest.cxx">
      <Filter>Source files\OpenGlTest</Filter>
    </ClCompile>
    <ClCompile Include="..\..\..\src\OpenGlTest\OpenGlTest_Commands.cxx">
      <Filter>Source files\OpenGlTest</Filter>
    </ClCompile>
  </ItemGroup>
  <ItemGroup>
    <ClInclude Include="..\..\..\src\OpenGlTest\OpenGlTest.hxx">
      <Filter>Header files\OpenGlTest</Filter>
    </ClInclude>
  </ItemGroup>
  <ItemGroup>
    <ResourceCompile Include="TKOpenGlTest.rc" />
  </ItemGroup>
</Project>
