Microsoft Visual Studio Solution File, Format Version 12.00
# Visual Studio 2013
Project("{8BC9CEB8-8B4A-11D0-8D11-00A0C91BC942}") = "TKService", "TKService.vcxproj", "{6FC4ADBD-0772-1698-08F8-A50BC7A843FE}"
EndProject
Project("{8BC9CEB8-8B4A-11D0-8D11-00A0C91BC942}") = "TKV3d", "TKV3d.vcxproj", "{08127A6F-0036-0143-1193-FA41C1F309CB}"
	ProjectSection(ProjectDependencies) = postProject
		{6FC4ADBD-0772-1698-08F8-A50BC7A843FE} = {6FC4ADBD-0772-1698-08F8-A50BC7A843FE}
	EndProjectSection
EndProject
Project("{8BC9CEB8-8B4A-11D0-8D11-00A0C91BC942}") = "TKOpenGl", "TKOpenGl.vcxproj", "{08078842-11AC-07ED-08FF-B04DCBC361DC}"
	ProjectSection(ProjectDependencies) = postProject
		{6FC4ADBD-0772-1698-08F8-A50BC7A843FE} = {6FC4ADBD-0772-1698-08F8-A50BC7A843FE}
	EndProjectSection
EndProject
Project("{8BC9CEB8-8B4A-11D0-8D11-00A0C91BC942}") = "TKMeshVS", "TKMeshVS.vcxproj", "{4DBBA065-0160-0894-1303-057CCD4487AA}"
	ProjectSection(ProjectDependencies) = postProject
		{08127A6F-0036-0143-1193-FA41C1F309CB} = {08127A6F-0036-0143-1193-FA41C1F309CB}
		{6FC4ADBD-0772-1698-08F8-A50BC7A843FE} = {6FC4ADBD-0772-1698-08F8-A50BC7A843FE}
	EndProjectSection
EndProject
Project("{8BC9CEB8-8B4A-11D0-8D11-00A0C91BC942}") = "TKIVtk", "TKIVtk.vcxproj", "{26E2F7FF-155E-1535-0F43-69B3E2A0CEA5}"
	ProjectSection(ProjectDependencies) = postProject
		{6FC4ADBD-0772-1698-08F8-A50BC7A843FE} = {6FC4ADBD-0772-1698-08F8-A50BC7A843FE}
		{08127A6F-0036-0143-1193-FA41C1F309CB} = {08127A6F-0036-0143-1193-FA41C1F309CB}
	EndProjectSection
EndProject
Project("{8BC9CEB8-8B4A-11D0-8D11-00A0C91BC942}") = "TKD3DHost", "TKD3DHost.vcxproj", "{5EB91D2C-1054-0D4C-1193-3BCD3B1EF747}"
	ProjectSection(ProjectDependencies) = postProject
		{6FC4ADBD-0772-1698-08F8-A50BC7A843FE} = {6FC4ADBD-0772-1698-08F8-A50BC7A843FE}
		{08127A6F-0036-0143-1193-FA41C1F309CB} = {08127A6F-0036-0143-1193-FA41C1F309CB}
		{08078842-11AC-07ED-08FF-B04DCBC361DC} = {08078842-11AC-07ED-08FF-B04DCBC361DC}
	EndProjectSection
EndProject
Global
	GlobalSection(SolutionConfigurationPlatforms) = preSolution
		Debug|Win32 = Debug|Win32
		Release|Win32 = Release|Win32
		Debug|x64 = Debug|x64
		Release|x64 = Release|x64
	EndGlobalSection
	GlobalSection(ProjectConfigurationPlatforms) = postSolution
		{6FC4ADBD-0772-1698-08F8-A50BC7A843FE}.Debug|Win32.ActiveCfg = Debug|Win32
		{6FC4ADBD-0772-1698-08F8-A50BC7A843FE}.Debug|Win32.Build.0 = Debug|Win32
		{6FC4ADBD-0772-1698-08F8-A50BC7A843FE}.Release|Win32.ActiveCfg = Release|Win32
		{6FC4ADBD-0772-1698-08F8-A50BC7A843FE}.Release|Win32.Build.0 = Release|Win32
		{6FC4ADBD-0772-1698-08F8-A50BC7A843FE}.Debug|x64.ActiveCfg = Debug|x64
		{6FC4ADBD-0772-1698-08F8-A50BC7A843FE}.Debug|x64.Build.0 = Debug|x64
		{6FC4ADBD-0772-1698-08F8-A50BC7A843FE}.Release|x64.ActiveCfg = Release|x64
		{6FC4ADBD-0772-1698-08F8-A50BC7A843FE}.Release|x64.Build.0 = Release|x64
		{08127A6F-0036-0143-1193-FA41C1F309CB}.Debug|Win32.ActiveCfg = Debug|Win32
		{08127A6F-0036-0143-1193-FA41C1F309CB}.Debug|Win32.Build.0 = Debug|Win32
		{08127A6F-0036-0143-1193-FA41C1F309CB}.Release|Win32.ActiveCfg = Release|Win32
		{08127A6F-0036-0143-1193-FA41C1F309CB}.Release|Win32.Build.0 = Release|Win32
		{08127A6F-0036-0143-1193-FA41C1F309CB}.Debug|x64.ActiveCfg = Debug|x64
		{08127A6F-0036-0143-1193-FA41C1F309CB}.Debug|x64.Build.0 = Debug|x64
		{08127A6F-0036-0143-1193-FA41C1F309CB}.Release|x64.ActiveCfg = Release|x64
		{08127A6F-0036-0143-1193-FA41C1F309CB}.Release|x64.Build.0 = Release|x64
		{08078842-11AC-07ED-08FF-B04DCBC361DC}.Debug|Win32.ActiveCfg = Debug|Win32
		{08078842-11AC-07ED-08FF-B04DCBC361DC}.Debug|Win32.Build.0 = Debug|Win32
		{08078842-11AC-07ED-08FF-B04DCBC361DC}.Release|Win32.ActiveCfg = Release|Win32
		{08078842-11AC-07ED-08FF-B04DCBC361DC}.Release|Win32.Build.0 = Release|Win32
		{08078842-11AC-07ED-08FF-B04DCBC361DC}.Debug|x64.ActiveCfg = Debug|x64
		{08078842-11AC-07ED-08FF-B04DCBC361DC}.Debug|x64.Build.0 = Debug|x64
		{08078842-11AC-07ED-08FF-B04DCBC361DC}.Release|x64.ActiveCfg = Release|x64
		{08078842-11AC-07ED-08FF-B04DCBC361DC}.Release|x64.Build.0 = Release|x64
		{4DBBA065-0160-0894-1303-057CCD4487AA}.Debug|Win32.ActiveCfg = Debug|Win32
		{4DBBA065-0160-0894-1303-057CCD4487AA}.Debug|Win32.Build.0 = Debug|Win32
		{4DBBA065-0160-0894-1303-057CCD4487AA}.Release|Win32.ActiveCfg = Release|Win32
		{4DBBA065-0160-0894-1303-057CCD4487AA}.Release|Win32.Build.0 = Release|Win32
		{4DBBA065-0160-0894-1303-057CCD4487AA}.Debug|x64.ActiveCfg = Debug|x64
		{4DBBA065-0160-0894-1303-057CCD4487AA}.Debug|x64.Build.0 = Debug|x64
		{4DBBA065-0160-0894-1303-057CCD4487AA}.Release|x64.ActiveCfg = Release|x64
		{4DBBA065-0160-0894-1303-057CCD4487AA}.Release|x64.Build.0 = Release|x64
		{26E2F7FF-155E-1535-0F43-69B3E2A0CEA5}.Debug|Win32.ActiveCfg = Debug|Win32
		{26E2F7FF-155E-1535-0F43-69B3E2A0CEA5}.Debug|Win32.Build.0 = Debug|Win32
		{26E2F7FF-155E-1535-0F43-69B3E2A0CEA5}.Release|Win32.ActiveCfg = Release|Win32
		{26E2F7FF-155E-1535-0F43-69B3E2A0CEA5}.Release|Win32.Build.0 = Release|Win32
		{26E2F7FF-155E-1535-0F43-69B3E2A0CEA5}.Debug|x64.ActiveCfg = Debug|x64
		{26E2F7FF-155E-1535-0F43-69B3E2A0CEA5}.Debug|x64.Build.0 = Debug|x64
		{26E2F7FF-155E-1535-0F43-69B3E2A0CEA5}.Release|x64.ActiveCfg = Release|x64
		{26E2F7FF-155E-1535-0F43-69B3E2A0CEA5}.Release|x64.Build.0 = Release|x64
		{5EB91D2C-1054-0D4C-1193-3BCD3B1EF747}.Debug|Win32.ActiveCfg = Debug|Win32
		{5EB91D2C-1054-0D4C-1193-3BCD3B1EF747}.Debug|Win32.Build.0 = Debug|Win32
		{5EB91D2C-1054-0D4C-1193-3BCD3B1EF747}.Release|Win32.ActiveCfg = Release|Win32
		{5EB91D2C-1054-0D4C-1193-3BCD3B1EF747}.Release|Win32.Build.0 = Release|Win32
		{5EB91D2C-1054-0D4C-1193-3BCD3B1EF747}.Debug|x64.ActiveCfg = Debug|x64
		{5EB91D2C-1054-0D4C-1193-3BCD3B1EF747}.Debug|x64.Build.0 = Debug|x64
		{5EB91D2C-1054-0D4C-1193-3BCD3B1EF747}.Release|x64.ActiveCfg = Release|x64
		{5EB91D2C-1054-0D4C-1193-3BCD3B1EF747}.Release|x64.Build.0 = Release|x64
	EndGlobalSection
	GlobalSection(SolutionProperties) = preSolution
		HideSolutionNode = FALSE
	EndGlobalSection
EndGlobal
